PODS:
  - DTFoundation (1.7.11):
    - DTFoundation/AppKit (= 1.7.11)
    - DTFoundation/Core (= 1.7.11)
    - DTFoundation/Debug (= 1.7.11)
    - DTFoundation/DTAnimatedGIF (= 1.7.11)
    - DTFoundation/DTASN1 (= 1.7.11)
    - DTFoundation/DTAsyncFileDeleter (= 1.7.11)
    - DTFoundation/DTAWS (= 1.7.11)
    - DTFoundation/DTHTMLParser (= 1.7.11)
    - DTFoundation/DTProgressHUD (= 1.7.11)
    - DTFoundation/DTReachability (= 1.7.11)
    - DTFoundation/DTScripting (= 1.7.11)
    - DTFoundation/DTSidePanel (= 1.7.11)
    - DTFoundation/DTSQLite (= 1.7.11)
    - DTFoundation/DTUTI (= 1.7.11)
    - DTFoundation/DTZipArchive (= 1.7.11)
    - DTFoundation/Runtime (= 1.7.11)
    - DTFoundation/UIKit (= 1.7.11)
    - DTFoundation/UIKit_BlocksAdditions (= 1.7.11)
  - DTFoundation/Core (1.7.11)
  - DTFoundation/Debug (1.7.11):
    - DTFoundation/Core
    - DTFoundation/Runtime
  - DTFoundation/DTAnimatedGIF (1.7.11)
  - DTFoundation/DTASN1 (1.7.11):
    - DTFoundation/Core
  - DTFoundation/DTAsyncFileDeleter (1.7.11):
    - DTFoundation/Core
  - DTFoundation/DTAWS (1.7.11):
    - DTFoundation/Core
  - DTFoundation/DTHTMLParser (1.7.11):
    - DTFoundation/Core
  - DTFoundation/DTProgressHUD (1.7.11):
    - DTFoundation/Core
    - DTFoundation/UIKit
  - DTFoundation/DTReachability (1.7.11):
    - DTFoundation/Core
  - DTFoundation/DTScripting (1.7.11):
    - DTFoundation/Core
  - DTFoundation/DTSidePanel (1.7.11):
    - DTFoundation/UIKit
  - DTFoundation/DTSQLite (1.7.11):
    - DTFoundation/Core
  - DTFoundation/DTUTI (1.7.11)
  - DTFoundation/DTZipArchive (1.7.11):
    - DTFoundation/DTZipArchive/Minizip (= 1.7.11)
  - DTFoundation/DTZipArchive/Minizip (1.7.11)
  - DTFoundation/Runtime (1.7.11)
  - DTFoundation/UIKit (1.7.11):
    - DTFoundation/Core
  - DTFoundation/UIKit_BlocksAdditions (1.7.11):
    - DTFoundation/Core
  - InAppSettingsKit (2.8.1)
  - OCMock (3.3.1)
  - OrderedDictionary (1.4)

DEPENDENCIES:
  - DTFoundation
  - InAppSettingsKit (from `https://github.com/Psiphon-Inc/InAppSettingsKit.git`)
  - OCMock
  - OrderedDictionary

EXTERNAL SOURCES:
  InAppSettingsKit:
    :git: https://github.com/Psiphon-Inc/InAppSettingsKit.git

CHECKOUT OPTIONS:
  InAppSettingsKit:
    :commit: 2dcb598d18a64a61509e418079bc448ce6b5268a
    :git: https://github.com/Psiphon-Inc/InAppSettingsKit.git

SPEC CHECKSUMS:
  DTFoundation: 0ef29c70a9814e15518694862bd739347abe2a50
  InAppSettingsKit: 94d2fba3ccd700fc4e32c6d09fabcc0af2426744
  OCMock: f3f61e6eaa16038c30caa5798c5e49d3307b6f22
  OrderedDictionary: 138c8d2e358d3a0c9adda15c6c7db24e8e3b09e6

PODFILE CHECKSUM: 34ae75f07cfee5889aec1a227db3398f697c4320

COCOAPODS: 1.1.1
