PODS:
  - DTFoundation (1.7.13):
    - DTFoundation/AppKit (= 1.7.13)
    - DTFoundation/Core (= 1.7.13)
    - DTFoundation/Debug (= 1.7.13)
    - DTFoundation/DTAnimatedGIF (= 1.7.13)
    - DTFoundation/DTASN1 (= 1.7.13)
    - DTFoundation/DTAsyncFileDeleter (= 1.7.13)
    - DTFoundation/DTAWS (= 1.7.13)
    - DTFoundation/DTHTMLParser (= 1.7.13)
    - DTFoundation/DTProgressHUD (= 1.7.13)
    - DTFoundation/DTReachability (= 1.7.13)
    - DTFoundation/DTScripting (= 1.7.13)
    - DTFoundation/DTSidePanel (= 1.7.13)
    - DTFoundation/DTSQLite (= 1.7.13)
    - DTFoundation/DTUTI (= 1.7.13)
    - DTFoundation/DTZipArchive (= 1.7.13)
    - DTFoundation/Runtime (= 1.7.13)
    - DTFoundation/UIKit (= 1.7.13)
    - DTFoundation/UIKit_BlocksAdditions (= 1.7.13)
  - DTFoundation/Core (1.7.13)
  - DTFoundation/Debug (1.7.13):
    - DTFoundation/Core
    - DTFoundation/Runtime
  - DTFoundation/DTAnimatedGIF (1.7.13)
  - DTFoundation/DTASN1 (1.7.13):
    - DTFoundation/Core
  - DTFoundation/DTAsyncFileDeleter (1.7.13):
    - DTFoundation/Core
  - DTFoundation/DTAWS (1.7.13):
    - DTFoundation/Core
  - DTFoundation/DTHTMLParser (1.7.13):
    - DTFoundation/Core
  - DTFoundation/DTProgressHUD (1.7.13):
    - DTFoundation/Core
    - DTFoundation/UIKit
  - DTFoundation/DTReachability (1.7.13):
    - DTFoundation/Core
  - DTFoundation/DTScripting (1.7.13):
    - DTFoundation/Core
  - DTFoundation/DTSidePanel (1.7.13):
    - DTFoundation/UIKit
  - DTFoundation/DTSQLite (1.7.13):
    - DTFoundation/Core
  - DTFoundation/DTUTI (1.7.13)
  - DTFoundation/DTZipArchive (1.7.13):
    - DTFoundation/DTZipArchive/Minizip (= 1.7.13)
  - DTFoundation/DTZipArchive/Minizip (1.7.13)
  - DTFoundation/Runtime (1.7.13)
  - DTFoundation/UIKit (1.7.13):
    - DTFoundation/Core
  - DTFoundation/UIKit_BlocksAdditions (1.7.13):
    - DTFoundation/Core
  - InAppSettingsKit (2.15)
  - MarqueeLabel (3.2.0):
    - MarqueeLabel/ObjC (= 3.2.0)
  - MarqueeLabel/ObjC (3.2.0)
  - OCMock (3.3.1)
  - OCSPCache (0.1.1):
    - OpenSSL-Universal (= 1.0.2.17)
    - ReactiveObjC (= 3.1.1)
  - OpenSSL-Universal (1.0.2.17)
  - OrderedDictionary (1.4)
  - PsiphonClientCommonLibrary (4.0.4):
    - InAppSettingsKit (= 2.15)
  - ReactiveObjC (3.1.1)

DEPENDENCIES:
  - DTFoundation
  - InAppSettingsKit (from `https://github.com/Psiphon-Inc/InAppSettingsKit.git`, commit `8bd203c`)
  - MarqueeLabel
  - OCMock
  - OCSPCache (from `https://github.com/Psiphon-Labs/OCSPCache.git`, commit `5149e73`)
  - OrderedDictionary
  - PsiphonClientCommonLibrary (from `https://github.com/Psiphon-Inc/psiphon-ios-client-common-library.git`, commit `687cecc`)

SPEC REPOS:
  trunk:
    - DTFoundation
    - MarqueeLabel
    - OCMock
    - OpenSSL-Universal
    - OrderedDictionary
    - ReactiveObjC

EXTERNAL SOURCES:
  InAppSettingsKit:
    :commit: 8bd203c
    :git: https://github.com/Psiphon-Inc/InAppSettingsKit.git
  OCSPCache:
    :commit: '5149e73'
    :git: https://github.com/Psiphon-Labs/OCSPCache.git
  PsiphonClientCommonLibrary:
    :commit: 687cecc
    :git: https://github.com/Psiphon-Inc/psiphon-ios-client-common-library.git

CHECKOUT OPTIONS:
  InAppSettingsKit:
    :commit: 8bd203c
    :git: https://github.com/Psiphon-Inc/InAppSettingsKit.git
  OCSPCache:
    :commit: '5149e73'
    :git: https://github.com/Psiphon-Labs/OCSPCache.git
  PsiphonClientCommonLibrary:
    :commit: 687cecc
    :git: https://github.com/Psiphon-Inc/psiphon-ios-client-common-library.git

SPEC CHECKSUMS:
  DTFoundation: f03be9fd786f11e505bb8fc44e2a3732bf0917df
  InAppSettingsKit: 4890a44f9df7a1742c632920f0ea939cbeb29ea2
  MarqueeLabel: 440a502b91a9179bd98f9fff00ba1150650a1c0e
  OCMock: f3f61e6eaa16038c30caa5798c5e49d3307b6f22
  OCSPCache: 090d054dbf8f31602896d2527a8bd69d49515695
  OpenSSL-Universal: ff04c2e6befc3f1247ae039e60c93f76345b3b5a
  OrderedDictionary: 138c8d2e358d3a0c9adda15c6c7db24e8e3b09e6
  PsiphonClientCommonLibrary: 0fddcbb3ccc94ada6a774efb28a238e0a02d04dc
  ReactiveObjC: 011caa393aa0383245f2dcf9bf02e86b80b36040

PODFILE CHECKSUM: 86d41244de92b736761a792081d204600eacad88

COCOAPODS: 1.10.1
