PODS:
  - DTFoundation (1.7.12):
    - DTFoundation/AppKit (= 1.7.12)
    - DTFoundation/Core (= 1.7.12)
    - DTFoundation/Debug (= 1.7.12)
    - DTFoundation/DTAnimatedGIF (= 1.7.12)
    - DTFoundation/DTASN1 (= 1.7.12)
    - DTFoundation/DTAsyncFileDeleter (= 1.7.12)
    - DTFoundation/DTAWS (= 1.7.12)
    - DTFoundation/DTHTMLParser (= 1.7.12)
    - DTFoundation/DTProgressHUD (= 1.7.12)
    - DTFoundation/DTReachability (= 1.7.12)
    - DTFoundation/DTScripting (= 1.7.12)
    - DTFoundation/DTSidePanel (= 1.7.12)
    - DTFoundation/DTSQLite (= 1.7.12)
    - DTFoundation/DTUTI (= 1.7.12)
    - DTFoundation/DTZipArchive (= 1.7.12)
    - DTFoundation/Runtime (= 1.7.12)
    - DTFoundation/UIKit (= 1.7.12)
    - DTFoundation/UIKit_BlocksAdditions (= 1.7.12)
  - DTFoundation/Core (1.7.12)
  - DTFoundation/Debug (1.7.12):
    - DTFoundation/Core
    - DTFoundation/Runtime
  - DTFoundation/DTAnimatedGIF (1.7.12)
  - DTFoundation/DTASN1 (1.7.12):
    - DTFoundation/Core
  - DTFoundation/DTAsyncFileDeleter (1.7.12):
    - DTFoundation/Core
  - DTFoundation/DTAWS (1.7.12):
    - DTFoundation/Core
  - DTFoundation/DTHTMLParser (1.7.12):
    - DTFoundation/Core
  - DTFoundation/DTProgressHUD (1.7.12):
    - DTFoundation/Core
    - DTFoundation/UIKit
  - DTFoundation/DTReachability (1.7.12):
    - DTFoundation/Core
  - DTFoundation/DTScripting (1.7.12):
    - DTFoundation/Core
  - DTFoundation/DTSidePanel (1.7.12):
    - DTFoundation/UIKit
  - DTFoundation/DTSQLite (1.7.12):
    - DTFoundation/Core
  - DTFoundation/DTUTI (1.7.12)
  - DTFoundation/DTZipArchive (1.7.12):
    - DTFoundation/DTZipArchive/Minizip (= 1.7.12)
  - DTFoundation/DTZipArchive/Minizip (1.7.12)
  - DTFoundation/Runtime (1.7.12)
  - DTFoundation/UIKit (1.7.12):
    - DTFoundation/Core
  - DTFoundation/UIKit_BlocksAdditions (1.7.12):
    - DTFoundation/Core
  - InAppSettingsKit (2.8.1)
  - MarqueeLabel (3.1.0):
    - MarqueeLabel/ObjC (= 3.1.0)
  - MarqueeLabel/ObjC (3.1.0)
  - OCMock (3.3.1)
  - OrderedDictionary (1.4)

DEPENDENCIES:
  - DTFoundation
  - InAppSettingsKit (from `https://github.com/Psiphon-Inc/InAppSettingsKit.git`)
  - MarqueeLabel
  - OCMock
  - OrderedDictionary

EXTERNAL SOURCES:
  InAppSettingsKit:
    :git: https://github.com/Psiphon-Inc/InAppSettingsKit.git

CHECKOUT OPTIONS:
  InAppSettingsKit:
    :commit: e0dfb73924359ca42f1551220a55117d91d0ab6f
    :git: https://github.com/Psiphon-Inc/InAppSettingsKit.git

SPEC CHECKSUMS:
  DTFoundation: 26a164ef510877387906fb92bff524a792db4bf8
  InAppSettingsKit: 94d2fba3ccd700fc4e32c6d09fabcc0af2426744
  MarqueeLabel: 061d04687ee5485ac035b45c8e292274a87afe01
  OCMock: f3f61e6eaa16038c30caa5798c5e49d3307b6f22
  OrderedDictionary: 138c8d2e358d3a0c9adda15c6c7db24e8e3b09e6

PODFILE CHECKSUM: aa8e087fff984950d89d108d159b2ee0f8011088

COCOAPODS: 1.2.1
