// !$*UTF8*$!
{
	archiveVersion = 1;
	classes = {
	};
	objectVersion = 46;
	objects = {

/* Begin PBXBuildFile section */
		010EEA691A43C8CF001E8B65 /* CookieJar.m in Sources */ = {isa = PBXBuildFile; fileRef = 010EEA681A43C8CF001E8B65 /* CookieJar.m */; };
		0135F4761A3D2931005A8F16 /* SearchEngines.plist in Resources */ = {isa = PBXBuildFile; fileRef = 0135F4751A3D2931005A8F16 /* SearchEngines.plist */; };
		0135F47F1A3E548F005A8F16 /* WebViewTab.m in Sources */ = {isa = PBXBuildFile; fileRef = 0135F47E1A3E548F005A8F16 /* WebViewTab.m */; };
		016B2FCB1A53466D002D2730 /* hsts_preload.plist in Resources */ = {isa = PBXBuildFile; fileRef = 016B2FCA1A53466D002D2730 /* hsts_preload.plist */; };
		016B2FCD1A5648AE002D2730 /* WebKit.framework in Frameworks */ = {isa = PBXBuildFile; fileRef = 016B2FCC1A5648AE002D2730 /* WebKit.framework */; };
		01801E981A32CA2A002B4718 /* main.m in Sources */ = {isa = PBXBuildFile; fileRef = 01801E971A32CA2A002B4718 /* main.m */; };
		01801EA11A32CA2A002B4718 /* WebViewController.m in Sources */ = {isa = PBXBuildFile; fileRef = 01801EA01A32CA2A002B4718 /* WebViewController.m */; };
		01801EA61A32CA2A002B4718 /* Images.xcassets in Resources */ = {isa = PBXBuildFile; fileRef = 01801EA51A32CA2A002B4718 /* Images.xcassets */; };
		01801EC31A3360F8002B4718 /* InAppSettings.bundle in Resources */ = {isa = PBXBuildFile; fileRef = 01801EC21A3360F8002B4718 /* InAppSettings.bundle */; };
		0182AD9B1AACC55400F3B7ED /* HTTPSEverywhereRuleController.m in Sources */ = {isa = PBXBuildFile; fileRef = 0182AD9A1AACC55400F3B7ED /* HTTPSEverywhereRuleController.m */; };
		018333CA1A3505FB00670CD1 /* HTTPSEverywhere.m in Sources */ = {isa = PBXBuildFile; fileRef = 018333C91A3505FB00670CD1 /* HTTPSEverywhere.m */; };
		018333D21A35291200670CD1 /* HTTPSEverywhereRule.m in Sources */ = {isa = PBXBuildFile; fileRef = 018333D11A35291200670CD1 /* HTTPSEverywhereRule.m */; };
		018333DC1A35727C00670CD1 /* HTTPSEverywhere_Tests.m in Sources */ = {isa = PBXBuildFile; fileRef = 018333DB1A35727C00670CD1 /* HTTPSEverywhere_Tests.m */; };
		018333E91A35746500670CD1 /* https-everywhere_rules.plist in Resources */ = {isa = PBXBuildFile; fileRef = 018333E71A35746500670CD1 /* https-everywhere_rules.plist */; };
		018333EA1A35746500670CD1 /* https-everywhere_targets.plist in Resources */ = {isa = PBXBuildFile; fileRef = 018333E81A35746500670CD1 /* https-everywhere_targets.plist */; };
		01AFEB371B4DBA8D00A02482 /* BookmarkController.m in Sources */ = {isa = PBXBuildFile; fileRef = 01AFEB361B4DBA8D00A02482 /* BookmarkController.m */; };
		01AFEB491B4ED48000A02482 /* Bookmark.m in Sources */ = {isa = PBXBuildFile; fileRef = 01AFEB481B4ED48000A02482 /* Bookmark.m */; };
		01D7412C1A45F8EB007B7033 /* injected.js in Resources */ = {isa = PBXBuildFile; fileRef = 01D7412B1A45F8EB007B7033 /* injected.js */; };
		01D7412F1A466AF0007B7033 /* NSString+JavascriptEscape.m in Sources */ = {isa = PBXBuildFile; fileRef = 01D7412E1A466AF0007B7033 /* NSString+JavascriptEscape.m */; };
		01D741321A49EA14007B7033 /* RuleEditorController.m in Sources */ = {isa = PBXBuildFile; fileRef = 01D741311A49EA14007B7033 /* RuleEditorController.m */; };
		01EFA7FF1A63851400688398 /* LocalNetworkChecker.m in Sources */ = {isa = PBXBuildFile; fileRef = 01EFA7FE1A63851400688398 /* LocalNetworkChecker.m */; };
		01F2AE391B7FEF5E00D5651A /* SSLCertificate.m in Sources */ = {isa = PBXBuildFile; fileRef = 01F2AE381B7FEF5E00D5651A /* SSLCertificate.m */; };
		01F2AE401B82666900D5651A /* SSLCertificateViewController.m in Sources */ = {isa = PBXBuildFile; fileRef = 01F2AE3F1B82666900D5651A /* SSLCertificateViewController.m */; };
		01F2AE421B827BC200D5651A /* SSLCertificate_Tests.m in Sources */ = {isa = PBXBuildFile; fileRef = 01F2AE411B827BC200D5651A /* SSLCertificate_Tests.m */; };
		01F2AE451B827D3E00D5651A /* lobste.rs.crt in Resources */ = {isa = PBXBuildFile; fileRef = 01F2AE431B827D3E00D5651A /* lobste.rs.crt */; };
		01F2AE461B827D3E00D5651A /* wildcard.pushover.net.crt in Resources */ = {isa = PBXBuildFile; fileRef = 01F2AE441B827D3E00D5651A /* wildcard.pushover.net.crt */; };
		01F2AE481B82822600D5651A /* paypal.com.crt in Resources */ = {isa = PBXBuildFile; fileRef = 01F2AE471B82822600D5651A /* paypal.com.crt */; };
		01F2AE4A1B82835A00D5651A /* expired.superblock.net.crt in Resources */ = {isa = PBXBuildFile; fileRef = 01F2AE491B82835A00D5651A /* expired.superblock.net.crt */; };
		01F7CB491A5253DD00F42B73 /* HSTSCache.m in Sources */ = {isa = PBXBuildFile; fileRef = 01F7CB481A5253DD00F42B73 /* HSTSCache.m */; };
		01F7CB4B1A526B9C00F42B73 /* HSTSCache_Tests.m in Sources */ = {isa = PBXBuildFile; fileRef = 01F7CB4A1A526B9C00F42B73 /* HSTSCache_Tests.m */; };
		01F7CB4E1A52FC4E00F42B73 /* NSString+IPAddress.m in Sources */ = {isa = PBXBuildFile; fileRef = 01F7CB4D1A52FC4E00F42B73 /* NSString+IPAddress.m */; };
		01F879441A41140D00A63654 /* https-everywhere_mock_rules.plist in Resources */ = {isa = PBXBuildFile; fileRef = 01F879421A41140D00A63654 /* https-everywhere_mock_rules.plist */; };
		01F879451A41140D00A63654 /* https-everywhere_mock_targets.plist in Resources */ = {isa = PBXBuildFile; fileRef = 01F879431A41140D00A63654 /* https-everywhere_mock_targets.plist */; };
		01F879481A41141800A63654 /* urlblocker_mock_rules.plist in Resources */ = {isa = PBXBuildFile; fileRef = 01F879461A41141800A63654 /* urlblocker_mock_rules.plist */; };
		01F879491A41141800A63654 /* urlblocker_mock_targets.plist in Resources */ = {isa = PBXBuildFile; fileRef = 01F879471A41141800A63654 /* urlblocker_mock_targets.plist */; };
		01F8794B1A41232E00A63654 /* credits.html in Resources */ = {isa = PBXBuildFile; fileRef = 01F8794A1A41232E00A63654 /* credits.html */; };
		01F8794C1A4124FE00A63654 /* credits.html in Resources */ = {isa = PBXBuildFile; fileRef = 01F8794A1A41232E00A63654 /* credits.html */; };
		01F8794E1A412F8E00A63654 /* urlblocker_targets.plist in Resources */ = {isa = PBXBuildFile; fileRef = 01F8794D1A412F8E00A63654 /* urlblocker_targets.plist */; };
		01F8794F1A412FA500A63654 /* urlblocker_targets.plist in Resources */ = {isa = PBXBuildFile; fileRef = 01F8794D1A412F8E00A63654 /* urlblocker_targets.plist */; };
		01FC0E571B38FB6B00955D9A /* Launch Screen.xib in Resources */ = {isa = PBXBuildFile; fileRef = 01FC0E561B38FB6B00955D9A /* Launch Screen.xib */; };
		3A2F3E91C803B63ED1039CBC /* libPods-Psiphon Browser.a in Frameworks */ = {isa = PBXBuildFile; fileRef = 80E5FC217E500BA7A9597CEC /* libPods-Psiphon Browser.a */; };
		444CEFB31E54DA2D0085F3D4 /* NYAlertView.m in Sources */ = {isa = PBXBuildFile; fileRef = 444CEFB01E54DA2D0085F3D4 /* NYAlertView.m */; };
		444CEFB41E54DA2D0085F3D4 /* NYAlertViewController.m in Sources */ = {isa = PBXBuildFile; fileRef = 444CEFB21E54DA2D0085F3D4 /* NYAlertViewController.m */; };
		446CB0A11DFF613900AEC0A9 /* Root.strings in Resources */ = {isa = PBXBuildFile; fileRef = 446CB09F1DFF613900AEC0A9 /* Root.strings */; };
		44864F8E1E708EE900865705 /* JAHPAuthenticatingHTTPProtocol.m in Sources */ = {isa = PBXBuildFile; fileRef = 44864F871E708EE900865705 /* JAHPAuthenticatingHTTPProtocol.m */; };
		44864F8F1E708EE900865705 /* JAHPCacheStoragePolicy.m in Sources */ = {isa = PBXBuildFile; fileRef = 44864F891E708EE900865705 /* JAHPCacheStoragePolicy.m */; };
		44864F901E708EE900865705 /* JAHPCanonicalRequest.m in Sources */ = {isa = PBXBuildFile; fileRef = 44864F8B1E708EE900865705 /* JAHPCanonicalRequest.m */; };
		44864F911E708EE900865705 /* JAHPQNSURLSessionDemux.m in Sources */ = {isa = PBXBuildFile; fileRef = 44864F8D1E708EE900865705 /* JAHPQNSURLSessionDemux.m */; };
		449316E21E8BFA4000D0708D /* PsiphonConnectionModalViewController.m in Sources */ = {isa = PBXBuildFile; fileRef = 449316E11E8BFA4000D0708D /* PsiphonConnectionModalViewController.m */; };
		44AA65C71E29640300C9976D /* blip1.wav in Resources */ = {isa = PBXBuildFile; fileRef = 44AA65C61E29640300C9976D /* blip1.wav */; };
		44B944361EEB21D6003B6B9A /* ICDMaterialActivityIndicatorView.m in Sources */ = {isa = PBXBuildFile; fileRef = 44B944351EEB21D6003B6B9A /* ICDMaterialActivityIndicatorView.m */; };
		44BE19211E26CF2000F94203 /* PsiphonTunnel.framework in CopyFiles */ = {isa = PBXBuildFile; fileRef = 44E779411DE6031A00854379 /* PsiphonTunnel.framework */; settings = {ATTRIBUTES = (CodeSignOnCopy, RemoveHeadersOnCopy, ); }; };
		44BF73F21EB11B8A0048E3C7 /* PsiphonHomePagesEquivalentURLs.m in Sources */ = {isa = PBXBuildFile; fileRef = 44BF73F11EB11B8A0048E3C7 /* PsiphonHomePagesEquivalentURLs.m */; };
		44C7B2081E2040A700432BBB /* L10n+Swizzling.m in Sources */ = {isa = PBXBuildFile; fileRef = 44C7B2071E2040A700432BBB /* L10n+Swizzling.m */; };
		44E7792A1DE4DCCA00854379 /* IASKLocalizable.strings in Resources */ = {isa = PBXBuildFile; fileRef = 44E7792C1DE4DCCA00854379 /* IASKLocalizable.strings */; };
		44E7792D1DE4DCCF00854379 /* Localizable.strings in Resources */ = {isa = PBXBuildFile; fileRef = 44E7792F1DE4DCCF00854379 /* Localizable.strings */; };
		44E779421DE6031A00854379 /* AppDelegate.m in Sources */ = {isa = PBXBuildFile; fileRef = 44E7793E1DE6031A00854379 /* AppDelegate.m */; };
		44E779431DE6031A00854379 /* PsiphonConnectionIndicator.m in Sources */ = {isa = PBXBuildFile; fileRef = 44E779401DE6031A00854379 /* PsiphonConnectionIndicator.m */; };
		44E779461DE6038000854379 /* psiphon_config in Resources */ = {isa = PBXBuildFile; fileRef = 44E779451DE6038000854379 /* psiphon_config */; };
		44E779481DE6040100854379 /* PsiphonTunnel.framework in Frameworks */ = {isa = PBXBuildFile; fileRef = 44E779411DE6031A00854379 /* PsiphonTunnel.framework */; };
		4E1175191DD63123009527EB /* SettingsViewController.m in Sources */ = {isa = PBXBuildFile; fileRef = 4E1175181DD63123009527EB /* SettingsViewController.m */; };
		4E628E991EF89D1A00F8B3B5 /* PsiphonSettingsTextFieldViewCell.m in Sources */ = {isa = PBXBuildFile; fileRef = 4E628E981EF89D1A00F8B3B5 /* PsiphonSettingsTextFieldViewCell.m */; };
		4E628E9E1EF89D2C00F8B3B5 /* TutorialPageViewController.m in Sources */ = {isa = PBXBuildFile; fileRef = 4E628E9B1EF89D2C00F8B3B5 /* TutorialPageViewController.m */; };
		4E628E9F1EF89D2C00F8B3B5 /* TutorialViewController.m in Sources */ = {isa = PBXBuildFile; fileRef = 4E628E9D1EF89D2C00F8B3B5 /* TutorialViewController.m */; };
		4E7094601E4CD14A00679B3F /* OnboardingInfoViewController.m in Sources */ = {isa = PBXBuildFile; fileRef = 4E70945D1E4CD14A00679B3F /* OnboardingInfoViewController.m */; };
		4E7094611E4CD14A00679B3F /* OnboardingViewController.m in Sources */ = {isa = PBXBuildFile; fileRef = 4E70945F1E4CD14A00679B3F /* OnboardingViewController.m */; };
		4E7645061F01CB1500DD7ACA /* Bourbon-Oblique.otf in Resources */ = {isa = PBXBuildFile; fileRef = 4E7645051F01CB1500DD7ACA /* Bourbon-Oblique.otf */; };
		4E9610121E36A32C00CDE62E /* FeedbackUpload.m in Sources */ = {isa = PBXBuildFile; fileRef = 4E9610111E36A32C00CDE62E /* FeedbackUpload.m */; };
		4EA463921E395BCD00674DEA /* PsiphonData.m in Sources */ = {isa = PBXBuildFile; fileRef = 4EA463911E395BCD00674DEA /* PsiphonData.m */; };
		4EB51ECE1E941FBD008676A7 /* AdjustableLabel.m in Sources */ = {isa = PBXBuildFile; fileRef = 4EB51ECD1E941FBD008676A7 /* AdjustableLabel.m */; };
		4EE4E25F1ED4B51900167C0B /* LanguageSelectionViewController.m in Sources */ = {isa = PBXBuildFile; fileRef = 4EE4E25E1ED4B51900167C0B /* LanguageSelectionViewController.m */; };
		4EE4FF9C1ECA2700001C3D15 /* OnboardingLanguageViewController.m in Sources */ = {isa = PBXBuildFile; fileRef = 4EE4FF9B1ECA2700001C3D15 /* OnboardingLanguageViewController.m */; };
		4EEC58371E3FF48B006D4087 /* InfoPlist.strings in Resources */ = {isa = PBXBuildFile; fileRef = 4EEC58391E3FF48B006D4087 /* InfoPlist.strings */; };
		4EEE09FB1DF873B700CEA8C2 /* psiphon-banner.png in Resources */ = {isa = PBXBuildFile; fileRef = 4EEE09FA1DF873B700CEA8C2 /* psiphon-banner.png */; };
		4EFB34771E366C0A0067C7C3 /* UpstreamProxySettings.m in Sources */ = {isa = PBXBuildFile; fileRef = 4EFB34761E366C0A0067C7C3 /* UpstreamProxySettings.m */; };
		4EFB347C1E366C370067C7C3 /* RegionAdapter.m in Sources */ = {isa = PBXBuildFile; fileRef = 4EFB34791E366C370067C7C3 /* RegionAdapter.m */; };
		4EFB347D1E366C370067C7C3 /* RegionSelectionViewController.m in Sources */ = {isa = PBXBuildFile; fileRef = 4EFB347B1E366C370067C7C3 /* RegionSelectionViewController.m */; };
		4EFB34801E366C6F0067C7C3 /* FeedbackViewController.m in Sources */ = {isa = PBXBuildFile; fileRef = 4EFB347F1E366C6F0067C7C3 /* FeedbackViewController.m */; };
		4EFB34831E366E1D0067C7C3 /* FeedbackThumbsCell.m in Sources */ = {isa = PBXBuildFile; fileRef = 4EFB34821E366E1D0067C7C3 /* FeedbackThumbsCell.m */; };
		4EFB34861E366E4D0067C7C3 /* LogViewController.m in Sources */ = {isa = PBXBuildFile; fileRef = 4EFB34851E366E4D0067C7C3 /* LogViewController.m */; };
		6631B2341EB3B6DB003DFBE1 /* embedded_server_entries in Resources */ = {isa = PBXBuildFile; fileRef = 6631B2331EB3B6DB003DFBE1 /* embedded_server_entries */; };
		D61D8FFD45ED8F65C6CD4048 /* libPods-Psiphon Browser Tests.a in Frameworks */ = {isa = PBXBuildFile; fileRef = 0016F06CBF958E51B2CC6862 /* libPods-Psiphon Browser Tests.a */; };
/* End PBXBuildFile section */

/* Begin PBXContainerItemProxy section */
		018333DD1A35727C00670CD1 /* PBXContainerItemProxy */ = {
			isa = PBXContainerItemProxy;
			containerPortal = 01801E8A1A32CA2A002B4718 /* Project object */;
			proxyType = 1;
			remoteGlobalIDString = 01801E911A32CA2A002B4718;
			remoteInfo = Endless;
		};
/* End PBXContainerItemProxy section */

/* Begin PBXCopyFilesBuildPhase section */
		44E778FD1DDB73A500854379 /* CopyFiles */ = {
			isa = PBXCopyFilesBuildPhase;
			buildActionMask = 2147483647;
			dstPath = "";
			dstSubfolderSpec = 10;
			files = (
				44BE19211E26CF2000F94203 /* PsiphonTunnel.framework in CopyFiles */,
			);
			runOnlyForDeploymentPostprocessing = 0;
		};
/* End PBXCopyFilesBuildPhase section */

/* Begin PBXFileReference section */
		0016F06CBF958E51B2CC6862 /* libPods-Psiphon Browser Tests.a */ = {isa = PBXFileReference; explicitFileType = archive.ar; includeInIndex = 0; path = "libPods-Psiphon Browser Tests.a"; sourceTree = BUILT_PRODUCTS_DIR; };
		0046D8AA27B31019AEAC6C00 /* Pods-Psiphon Browser Tests.release.xcconfig */ = {isa = PBXFileReference; includeInIndex = 1; lastKnownFileType = text.xcconfig; name = "Pods-Psiphon Browser Tests.release.xcconfig"; path = "Pods/Target Support Files/Pods-Psiphon Browser Tests/Pods-Psiphon Browser Tests.release.xcconfig"; sourceTree = "<group>"; };
		010EEA671A43C8CF001E8B65 /* CookieJar.h */ = {isa = PBXFileReference; fileEncoding = 4; lastKnownFileType = sourcecode.c.h; path = CookieJar.h; sourceTree = "<group>"; };
		010EEA681A43C8CF001E8B65 /* CookieJar.m */ = {isa = PBXFileReference; fileEncoding = 4; lastKnownFileType = sourcecode.c.objc; path = CookieJar.m; sourceTree = "<group>"; };
		0135F4751A3D2931005A8F16 /* SearchEngines.plist */ = {isa = PBXFileReference; fileEncoding = 4; lastKnownFileType = text.plist.xml; name = SearchEngines.plist; path = Endless/Resources/SearchEngines.plist; sourceTree = "<group>"; };
		0135F47D1A3E548F005A8F16 /* WebViewTab.h */ = {isa = PBXFileReference; fileEncoding = 4; lastKnownFileType = sourcecode.c.h; path = WebViewTab.h; sourceTree = "<group>"; };
		0135F47E1A3E548F005A8F16 /* WebViewTab.m */ = {isa = PBXFileReference; fileEncoding = 4; lastKnownFileType = sourcecode.c.objc; path = WebViewTab.m; sourceTree = "<group>"; };
		016B2FCA1A53466D002D2730 /* hsts_preload.plist */ = {isa = PBXFileReference; lastKnownFileType = text.plist; name = hsts_preload.plist; path = Endless/Resources/hsts_preload.plist; sourceTree = "<group>"; };
		016B2FCC1A5648AE002D2730 /* WebKit.framework */ = {isa = PBXFileReference; lastKnownFileType = wrapper.framework; name = WebKit.framework; path = System/Library/Frameworks/WebKit.framework; sourceTree = SDKROOT; };
		01801E921A32CA2A002B4718 /* PsiphonBrowser.app */ = {isa = PBXFileReference; explicitFileType = wrapper.application; includeInIndex = 0; path = PsiphonBrowser.app; sourceTree = BUILT_PRODUCTS_DIR; };
		01801E961A32CA2A002B4718 /* Info.plist */ = {isa = PBXFileReference; lastKnownFileType = text.plist.xml; path = Info.plist; sourceTree = "<group>"; };
		01801E971A32CA2A002B4718 /* main.m */ = {isa = PBXFileReference; lastKnownFileType = sourcecode.c.objc; path = main.m; sourceTree = "<group>"; };
		01801E9F1A32CA2A002B4718 /* WebViewController.h */ = {isa = PBXFileReference; lastKnownFileType = sourcecode.c.h; path = WebViewController.h; sourceTree = "<group>"; };
		01801EA01A32CA2A002B4718 /* WebViewController.m */ = {isa = PBXFileReference; lastKnownFileType = sourcecode.c.objc; lineEnding = 0; path = WebViewController.m; sourceTree = "<group>"; xcLanguageSpecificationIdentifier = xcode.lang.objc; };
		01801EA51A32CA2A002B4718 /* Images.xcassets */ = {isa = PBXFileReference; lastKnownFileType = folder.assetcatalog; name = Images.xcassets; path = Endless/Resources/Images.xcassets; sourceTree = "<group>"; };
		01801EC21A3360F8002B4718 /* InAppSettings.bundle */ = {isa = PBXFileReference; lastKnownFileType = "wrapper.plug-in"; name = InAppSettings.bundle; path = Endless/InAppSettings.bundle; sourceTree = "<group>"; };
		0182AD991AACC55400F3B7ED /* HTTPSEverywhereRuleController.h */ = {isa = PBXFileReference; fileEncoding = 4; lastKnownFileType = sourcecode.c.h; path = HTTPSEverywhereRuleController.h; sourceTree = "<group>"; };
		0182AD9A1AACC55400F3B7ED /* HTTPSEverywhereRuleController.m */ = {isa = PBXFileReference; fileEncoding = 4; lastKnownFileType = sourcecode.c.objc; path = HTTPSEverywhereRuleController.m; sourceTree = "<group>"; };
		018333C81A3505FB00670CD1 /* HTTPSEverywhere.h */ = {isa = PBXFileReference; fileEncoding = 4; lastKnownFileType = sourcecode.c.h; path = HTTPSEverywhere.h; sourceTree = "<group>"; };
		018333C91A3505FB00670CD1 /* HTTPSEverywhere.m */ = {isa = PBXFileReference; fileEncoding = 4; lastKnownFileType = sourcecode.c.objc; path = HTTPSEverywhere.m; sourceTree = "<group>"; };
		018333CF1A351B3B00670CD1 /* Endless-Prefix.pch */ = {isa = PBXFileReference; lastKnownFileType = sourcecode.c.h; path = "Endless-Prefix.pch"; sourceTree = "<group>"; };
		018333D01A35291200670CD1 /* HTTPSEverywhereRule.h */ = {isa = PBXFileReference; fileEncoding = 4; lastKnownFileType = sourcecode.c.h; path = HTTPSEverywhereRule.h; sourceTree = "<group>"; };
		018333D11A35291200670CD1 /* HTTPSEverywhereRule.m */ = {isa = PBXFileReference; fileEncoding = 4; lastKnownFileType = sourcecode.c.objc; path = HTTPSEverywhereRule.m; sourceTree = "<group>"; };
		018333D71A35727C00670CD1 /* Psiphon Browser Tests.xctest */ = {isa = PBXFileReference; explicitFileType = wrapper.cfbundle; includeInIndex = 0; path = "Psiphon Browser Tests.xctest"; sourceTree = BUILT_PRODUCTS_DIR; };
		018333DA1A35727C00670CD1 /* Info.plist */ = {isa = PBXFileReference; lastKnownFileType = text.plist.xml; path = Info.plist; sourceTree = "<group>"; };
		018333DB1A35727C00670CD1 /* HTTPSEverywhere_Tests.m */ = {isa = PBXFileReference; lastKnownFileType = sourcecode.c.objc; path = HTTPSEverywhere_Tests.m; sourceTree = "<group>"; };
		018333E71A35746500670CD1 /* https-everywhere_rules.plist */ = {isa = PBXFileReference; fileEncoding = 4; lastKnownFileType = text.plist.xml; name = "https-everywhere_rules.plist"; path = "Endless/Resources/https-everywhere_rules.plist"; sourceTree = "<group>"; };
		018333E81A35746500670CD1 /* https-everywhere_targets.plist */ = {isa = PBXFileReference; fileEncoding = 4; lastKnownFileType = text.plist.xml; name = "https-everywhere_targets.plist"; path = "Endless/Resources/https-everywhere_targets.plist"; sourceTree = "<group>"; };
		018333EB1A357D8B00670CD1 /* libPods-OCMock.a */ = {isa = PBXFileReference; lastKnownFileType = archive.ar; name = "libPods-OCMock.a"; path = "Pods/build/Debug-iphoneos/libPods-OCMock.a"; sourceTree = "<group>"; };
		01AFEB351B4DBA8D00A02482 /* BookmarkController.h */ = {isa = PBXFileReference; fileEncoding = 4; lastKnownFileType = sourcecode.c.h; path = BookmarkController.h; sourceTree = "<group>"; };
		01AFEB361B4DBA8D00A02482 /* BookmarkController.m */ = {isa = PBXFileReference; fileEncoding = 4; lastKnownFileType = sourcecode.c.objc; path = BookmarkController.m; sourceTree = "<group>"; };
		01AFEB471B4ED48000A02482 /* Bookmark.h */ = {isa = PBXFileReference; fileEncoding = 4; lastKnownFileType = sourcecode.c.h; path = Bookmark.h; sourceTree = "<group>"; };
		01AFEB481B4ED48000A02482 /* Bookmark.m */ = {isa = PBXFileReference; fileEncoding = 4; lastKnownFileType = sourcecode.c.objc; path = Bookmark.m; sourceTree = "<group>"; };
		01D7412B1A45F8EB007B7033 /* injected.js */ = {isa = PBXFileReference; fileEncoding = 4; lastKnownFileType = sourcecode.javascript; name = injected.js; path = Endless/Resources/injected.js; sourceTree = "<group>"; };
		01D7412D1A466AF0007B7033 /* NSString+JavascriptEscape.h */ = {isa = PBXFileReference; fileEncoding = 4; lastKnownFileType = sourcecode.c.h; path = "NSString+JavascriptEscape.h"; sourceTree = "<group>"; };
		01D7412E1A466AF0007B7033 /* NSString+JavascriptEscape.m */ = {isa = PBXFileReference; fileEncoding = 4; lastKnownFileType = sourcecode.c.objc; path = "NSString+JavascriptEscape.m"; sourceTree = "<group>"; };
		01D741301A49EA14007B7033 /* RuleEditorController.h */ = {isa = PBXFileReference; fileEncoding = 4; lastKnownFileType = sourcecode.c.h; path = RuleEditorController.h; sourceTree = "<group>"; };
		01D741311A49EA14007B7033 /* RuleEditorController.m */ = {isa = PBXFileReference; fileEncoding = 4; lastKnownFileType = sourcecode.c.objc; path = RuleEditorController.m; sourceTree = "<group>"; };
		01EFA7FD1A63851400688398 /* LocalNetworkChecker.h */ = {isa = PBXFileReference; fileEncoding = 4; lastKnownFileType = sourcecode.c.h; path = LocalNetworkChecker.h; sourceTree = "<group>"; };
		01EFA7FE1A63851400688398 /* LocalNetworkChecker.m */ = {isa = PBXFileReference; fileEncoding = 4; lastKnownFileType = sourcecode.c.objc; path = LocalNetworkChecker.m; sourceTree = "<group>"; };
		01F2AE371B7FEF5E00D5651A /* SSLCertificate.h */ = {isa = PBXFileReference; fileEncoding = 4; lastKnownFileType = sourcecode.c.h; path = SSLCertificate.h; sourceTree = "<group>"; };
		01F2AE381B7FEF5E00D5651A /* SSLCertificate.m */ = {isa = PBXFileReference; fileEncoding = 4; lastKnownFileType = sourcecode.c.objc; path = SSLCertificate.m; sourceTree = "<group>"; };
		01F2AE3E1B82666900D5651A /* SSLCertificateViewController.h */ = {isa = PBXFileReference; fileEncoding = 4; lastKnownFileType = sourcecode.c.h; path = SSLCertificateViewController.h; sourceTree = "<group>"; };
		01F2AE3F1B82666900D5651A /* SSLCertificateViewController.m */ = {isa = PBXFileReference; fileEncoding = 4; lastKnownFileType = sourcecode.c.objc; path = SSLCertificateViewController.m; sourceTree = "<group>"; };
		01F2AE411B827BC200D5651A /* SSLCertificate_Tests.m */ = {isa = PBXFileReference; fileEncoding = 4; lastKnownFileType = sourcecode.c.objc; path = SSLCertificate_Tests.m; sourceTree = "<group>"; };
		01F2AE431B827D3E00D5651A /* lobste.rs.crt */ = {isa = PBXFileReference; fileEncoding = 4; lastKnownFileType = text; name = lobste.rs.crt; path = SSLCertificates/lobste.rs.crt; sourceTree = "<group>"; };
		01F2AE441B827D3E00D5651A /* wildcard.pushover.net.crt */ = {isa = PBXFileReference; fileEncoding = 4; lastKnownFileType = text; name = wildcard.pushover.net.crt; path = SSLCertificates/wildcard.pushover.net.crt; sourceTree = "<group>"; };
		01F2AE471B82822600D5651A /* paypal.com.crt */ = {isa = PBXFileReference; fileEncoding = 4; lastKnownFileType = text; name = paypal.com.crt; path = SSLCertificates/paypal.com.crt; sourceTree = "<group>"; };
		01F2AE491B82835A00D5651A /* expired.superblock.net.crt */ = {isa = PBXFileReference; fileEncoding = 4; lastKnownFileType = text; name = expired.superblock.net.crt; path = SSLCertificates/expired.superblock.net.crt; sourceTree = "<group>"; };
		01F7CB471A5253DD00F42B73 /* HSTSCache.h */ = {isa = PBXFileReference; fileEncoding = 4; lastKnownFileType = sourcecode.c.h; path = HSTSCache.h; sourceTree = "<group>"; };
		01F7CB481A5253DD00F42B73 /* HSTSCache.m */ = {isa = PBXFileReference; fileEncoding = 4; lastKnownFileType = sourcecode.c.objc; path = HSTSCache.m; sourceTree = "<group>"; };
		01F7CB4A1A526B9C00F42B73 /* HSTSCache_Tests.m */ = {isa = PBXFileReference; fileEncoding = 4; lastKnownFileType = sourcecode.c.objc; path = HSTSCache_Tests.m; sourceTree = "<group>"; };
		01F7CB4C1A52FC4E00F42B73 /* NSString+IPAddress.h */ = {isa = PBXFileReference; fileEncoding = 4; lastKnownFileType = sourcecode.c.h; path = "NSString+IPAddress.h"; sourceTree = "<group>"; };
		01F7CB4D1A52FC4E00F42B73 /* NSString+IPAddress.m */ = {isa = PBXFileReference; fileEncoding = 4; lastKnownFileType = sourcecode.c.objc; path = "NSString+IPAddress.m"; sourceTree = "<group>"; };
		01F879421A41140D00A63654 /* https-everywhere_mock_rules.plist */ = {isa = PBXFileReference; fileEncoding = 4; lastKnownFileType = text.plist.xml; path = "https-everywhere_mock_rules.plist"; sourceTree = "<group>"; };
		01F879431A41140D00A63654 /* https-everywhere_mock_targets.plist */ = {isa = PBXFileReference; fileEncoding = 4; lastKnownFileType = text.plist.xml; path = "https-everywhere_mock_targets.plist"; sourceTree = "<group>"; };
		01F879461A41141800A63654 /* urlblocker_mock_rules.plist */ = {isa = PBXFileReference; fileEncoding = 4; lastKnownFileType = text.plist.xml; path = urlblocker_mock_rules.plist; sourceTree = "<group>"; };
		01F879471A41141800A63654 /* urlblocker_mock_targets.plist */ = {isa = PBXFileReference; fileEncoding = 4; lastKnownFileType = text.plist.xml; path = urlblocker_mock_targets.plist; sourceTree = "<group>"; };
		01F8794A1A41232E00A63654 /* credits.html */ = {isa = PBXFileReference; fileEncoding = 4; lastKnownFileType = text.html; name = credits.html; path = Endless/Resources/credits.html; sourceTree = "<group>"; };
		01F8794D1A412F8E00A63654 /* urlblocker_targets.plist */ = {isa = PBXFileReference; fileEncoding = 4; lastKnownFileType = text.plist.xml; name = urlblocker_targets.plist; path = Endless/Resources/urlblocker_targets.plist; sourceTree = "<group>"; };
		01FC0E561B38FB6B00955D9A /* Launch Screen.xib */ = {isa = PBXFileReference; fileEncoding = 4; lastKnownFileType = file.xib; name = "Launch Screen.xib"; path = "Endless/Resources/Launch Screen.xib"; sourceTree = "<group>"; };
		0CD14E361B8198320473A2FF /* Pods-Endless.debug.xcconfig */ = {isa = PBXFileReference; includeInIndex = 1; lastKnownFileType = text.xcconfig; name = "Pods-Endless.debug.xcconfig"; path = "Pods/Target Support Files/Pods-Endless/Pods-Endless.debug.xcconfig"; sourceTree = "<group>"; };
		444CEFAF1E54DA2D0085F3D4 /* NYAlertView.h */ = {isa = PBXFileReference; fileEncoding = 4; lastKnownFileType = sourcecode.c.h; name = NYAlertView.h; path = NYAlertViewController/NYAlertView.h; sourceTree = "<group>"; };
		444CEFB01E54DA2D0085F3D4 /* NYAlertView.m */ = {isa = PBXFileReference; fileEncoding = 4; lastKnownFileType = sourcecode.c.objc; name = NYAlertView.m; path = NYAlertViewController/NYAlertView.m; sourceTree = "<group>"; };
		444CEFB11E54DA2D0085F3D4 /* NYAlertViewController.h */ = {isa = PBXFileReference; fileEncoding = 4; lastKnownFileType = sourcecode.c.h; name = NYAlertViewController.h; path = NYAlertViewController/NYAlertViewController.h; sourceTree = "<group>"; };
		444CEFB21E54DA2D0085F3D4 /* NYAlertViewController.m */ = {isa = PBXFileReference; fileEncoding = 4; lastKnownFileType = sourcecode.c.objc; name = NYAlertViewController.m; path = NYAlertViewController/NYAlertViewController.m; sourceTree = "<group>"; };
		446CB0A01DFF613900AEC0A9 /* en */ = {isa = PBXFileReference; lastKnownFileType = text.plist.strings; name = en; path = en.lproj/Root.strings; sourceTree = "<group>"; };
		446CB0A21DFF614600AEC0A9 /* ar */ = {isa = PBXFileReference; lastKnownFileType = text.plist.strings; name = ar; path = ar.lproj/Root.strings; sourceTree = "<group>"; };
		44864F861E708EE900865705 /* JAHPAuthenticatingHTTPProtocol.h */ = {isa = PBXFileReference; fileEncoding = 4; lastKnownFileType = sourcecode.c.h; path = JAHPAuthenticatingHTTPProtocol.h; sourceTree = "<group>"; };
		44864F871E708EE900865705 /* JAHPAuthenticatingHTTPProtocol.m */ = {isa = PBXFileReference; fileEncoding = 4; lastKnownFileType = sourcecode.c.objc; path = JAHPAuthenticatingHTTPProtocol.m; sourceTree = "<group>"; };
		44864F881E708EE900865705 /* JAHPCacheStoragePolicy.h */ = {isa = PBXFileReference; fileEncoding = 4; lastKnownFileType = sourcecode.c.h; path = JAHPCacheStoragePolicy.h; sourceTree = "<group>"; };
		44864F891E708EE900865705 /* JAHPCacheStoragePolicy.m */ = {isa = PBXFileReference; fileEncoding = 4; lastKnownFileType = sourcecode.c.objc; path = JAHPCacheStoragePolicy.m; sourceTree = "<group>"; };
		44864F8A1E708EE900865705 /* JAHPCanonicalRequest.h */ = {isa = PBXFileReference; fileEncoding = 4; lastKnownFileType = sourcecode.c.h; path = JAHPCanonicalRequest.h; sourceTree = "<group>"; };
		44864F8B1E708EE900865705 /* JAHPCanonicalRequest.m */ = {isa = PBXFileReference; fileEncoding = 4; lastKnownFileType = sourcecode.c.objc; path = JAHPCanonicalRequest.m; sourceTree = "<group>"; };
		44864F8C1E708EE900865705 /* JAHPQNSURLSessionDemux.h */ = {isa = PBXFileReference; fileEncoding = 4; lastKnownFileType = sourcecode.c.h; path = JAHPQNSURLSessionDemux.h; sourceTree = "<group>"; };
		44864F8D1E708EE900865705 /* JAHPQNSURLSessionDemux.m */ = {isa = PBXFileReference; fileEncoding = 4; lastKnownFileType = sourcecode.c.objc; path = JAHPQNSURLSessionDemux.m; sourceTree = "<group>"; };
		449316E01E8BFA4000D0708D /* PsiphonConnectionModalViewController.h */ = {isa = PBXFileReference; fileEncoding = 4; lastKnownFileType = sourcecode.c.h; name = PsiphonConnectionModalViewController.h; path = Endless/PsiphonConnectionModalViewController.h; sourceTree = SOURCE_ROOT; };
		449316E11E8BFA4000D0708D /* PsiphonConnectionModalViewController.m */ = {isa = PBXFileReference; fileEncoding = 4; lastKnownFileType = sourcecode.c.objc; name = PsiphonConnectionModalViewController.m; path = Endless/PsiphonConnectionModalViewController.m; sourceTree = SOURCE_ROOT; };
		44AA65C61E29640300C9976D /* blip1.wav */ = {isa = PBXFileReference; lastKnownFileType = audio.wav; name = blip1.wav; path = Endless/Resources/blip1.wav; sourceTree = "<group>"; };
		44B944341EEB21D6003B6B9A /* ICDMaterialActivityIndicatorView.h */ = {isa = PBXFileReference; fileEncoding = 4; lastKnownFileType = sourcecode.c.h; name = ICDMaterialActivityIndicatorView.h; path = Endless/ICDMaterialActivityIndicatorView.h; sourceTree = SOURCE_ROOT; };
		44B944351EEB21D6003B6B9A /* ICDMaterialActivityIndicatorView.m */ = {isa = PBXFileReference; fileEncoding = 4; lastKnownFileType = sourcecode.c.objc; name = ICDMaterialActivityIndicatorView.m; path = Endless/ICDMaterialActivityIndicatorView.m; sourceTree = SOURCE_ROOT; };
		44BF73F01EB11B890048E3C7 /* PsiphonHomePagesEquivalentURLs.h */ = {isa = PBXFileReference; fileEncoding = 4; lastKnownFileType = sourcecode.c.h; name = PsiphonHomePagesEquivalentURLs.h; path = Endless/PsiphonHomePagesEquivalentURLs.h; sourceTree = SOURCE_ROOT; };
		44BF73F11EB11B8A0048E3C7 /* PsiphonHomePagesEquivalentURLs.m */ = {isa = PBXFileReference; fileEncoding = 4; lastKnownFileType = sourcecode.c.objc; name = PsiphonHomePagesEquivalentURLs.m; path = Endless/PsiphonHomePagesEquivalentURLs.m; sourceTree = SOURCE_ROOT; };
		44C7B2071E2040A700432BBB /* L10n+Swizzling.m */ = {isa = PBXFileReference; fileEncoding = 4; lastKnownFileType = sourcecode.c.objc; name = "L10n+Swizzling.m"; path = "Endless/L10n+Swizzling.m"; sourceTree = SOURCE_ROOT; };
		44E7792B1DE4DCCA00854379 /* en */ = {isa = PBXFileReference; lastKnownFileType = text.plist.strings; name = en; path = en.lproj/IASKLocalizable.strings; sourceTree = "<group>"; };
		44E7792E1DE4DCCF00854379 /* en */ = {isa = PBXFileReference; lastKnownFileType = text.plist.strings; name = en; path = en.lproj/Localizable.strings; sourceTree = "<group>"; };
		44E779341DE4DD1F00854379 /* ar */ = {isa = PBXFileReference; lastKnownFileType = text.plist.strings; name = ar; path = ar.lproj/IASKLocalizable.strings; sourceTree = "<group>"; };
		44E779351DE4DD1F00854379 /* ar */ = {isa = PBXFileReference; lastKnownFileType = text.plist.strings; name = ar; path = ar.lproj/Localizable.strings; sourceTree = "<group>"; };
		44E7793D1DE6031A00854379 /* AppDelegate.h */ = {isa = PBXFileReference; fileEncoding = 4; lastKnownFileType = sourcecode.c.h; name = AppDelegate.h; path = Endless/AppDelegate.h; sourceTree = SOURCE_ROOT; };
		44E7793E1DE6031A00854379 /* AppDelegate.m */ = {isa = PBXFileReference; fileEncoding = 4; lastKnownFileType = sourcecode.c.objc; name = AppDelegate.m; path = Endless/AppDelegate.m; sourceTree = SOURCE_ROOT; };
		44E7793F1DE6031A00854379 /* PsiphonConnectionIndicator.h */ = {isa = PBXFileReference; fileEncoding = 4; lastKnownFileType = sourcecode.c.h; name = PsiphonConnectionIndicator.h; path = Endless/PsiphonConnectionIndicator.h; sourceTree = SOURCE_ROOT; };
		44E779401DE6031A00854379 /* PsiphonConnectionIndicator.m */ = {isa = PBXFileReference; fileEncoding = 4; lastKnownFileType = sourcecode.c.objc; name = PsiphonConnectionIndicator.m; path = Endless/PsiphonConnectionIndicator.m; sourceTree = SOURCE_ROOT; };
		44E779411DE6031A00854379 /* PsiphonTunnel.framework */ = {isa = PBXFileReference; lastKnownFileType = wrapper.framework; name = PsiphonTunnel.framework; path = Endless/PsiphonTunnel.framework; sourceTree = SOURCE_ROOT; };
		44E779451DE6038000854379 /* psiphon_config */ = {isa = PBXFileReference; fileEncoding = 4; lastKnownFileType = text; name = psiphon_config; path = Endless/psiphon_config; sourceTree = SOURCE_ROOT; };
		4E1175171DD6310A009527EB /* SettingsViewController.h */ = {isa = PBXFileReference; lastKnownFileType = sourcecode.c.h; path = SettingsViewController.h; sourceTree = "<group>"; };
		4E1175181DD63123009527EB /* SettingsViewController.m */ = {isa = PBXFileReference; fileEncoding = 4; lastKnownFileType = sourcecode.c.objc; path = SettingsViewController.m; sourceTree = "<group>"; };
		4E628E971EF89D1A00F8B3B5 /* PsiphonSettingsTextFieldViewCell.h */ = {isa = PBXFileReference; fileEncoding = 4; lastKnownFileType = sourcecode.c.h; name = PsiphonSettingsTextFieldViewCell.h; path = Endless/PsiphonSettingsTextFieldViewCell.h; sourceTree = SOURCE_ROOT; };
		4E628E981EF89D1A00F8B3B5 /* PsiphonSettingsTextFieldViewCell.m */ = {isa = PBXFileReference; fileEncoding = 4; lastKnownFileType = sourcecode.c.objc; name = PsiphonSettingsTextFieldViewCell.m; path = Endless/PsiphonSettingsTextFieldViewCell.m; sourceTree = SOURCE_ROOT; };
		4E628E9A1EF89D2C00F8B3B5 /* TutorialPageViewController.h */ = {isa = PBXFileReference; fileEncoding = 4; lastKnownFileType = sourcecode.c.h; name = TutorialPageViewController.h; path = Endless/TutorialPageViewController.h; sourceTree = SOURCE_ROOT; };
		4E628E9B1EF89D2C00F8B3B5 /* TutorialPageViewController.m */ = {isa = PBXFileReference; fileEncoding = 4; lastKnownFileType = sourcecode.c.objc; name = TutorialPageViewController.m; path = Endless/TutorialPageViewController.m; sourceTree = SOURCE_ROOT; };
		4E628E9C1EF89D2C00F8B3B5 /* TutorialViewController.h */ = {isa = PBXFileReference; fileEncoding = 4; lastKnownFileType = sourcecode.c.h; name = TutorialViewController.h; path = Endless/TutorialViewController.h; sourceTree = SOURCE_ROOT; };
		4E628E9D1EF89D2C00F8B3B5 /* TutorialViewController.m */ = {isa = PBXFileReference; fileEncoding = 4; lastKnownFileType = sourcecode.c.objc; name = TutorialViewController.m; path = Endless/TutorialViewController.m; sourceTree = SOURCE_ROOT; };
		4E70945C1E4CD14A00679B3F /* OnboardingInfoViewController.h */ = {isa = PBXFileReference; fileEncoding = 4; lastKnownFileType = sourcecode.c.h; name = OnboardingInfoViewController.h; path = Endless/OnboardingInfoViewController.h; sourceTree = SOURCE_ROOT; };
		4E70945D1E4CD14A00679B3F /* OnboardingInfoViewController.m */ = {isa = PBXFileReference; fileEncoding = 4; lastKnownFileType = sourcecode.c.objc; name = OnboardingInfoViewController.m; path = Endless/OnboardingInfoViewController.m; sourceTree = SOURCE_ROOT; };
		4E70945E1E4CD14A00679B3F /* OnboardingViewController.h */ = {isa = PBXFileReference; fileEncoding = 4; lastKnownFileType = sourcecode.c.h; name = OnboardingViewController.h; path = Endless/OnboardingViewController.h; sourceTree = SOURCE_ROOT; };
		4E70945F1E4CD14A00679B3F /* OnboardingViewController.m */ = {isa = PBXFileReference; fileEncoding = 4; lastKnownFileType = sourcecode.c.objc; name = OnboardingViewController.m; path = Endless/OnboardingViewController.m; sourceTree = SOURCE_ROOT; };
		4E7645051F01CB1500DD7ACA /* Bourbon-Oblique.otf */ = {isa = PBXFileReference; lastKnownFileType = file; name = "Bourbon-Oblique.otf"; path = "Endless/Resources/Bourbon-Oblique.otf"; sourceTree = "<group>"; };
		4E9610101E36A32C00CDE62E /* FeedbackUpload.h */ = {isa = PBXFileReference; fileEncoding = 4; lastKnownFileType = sourcecode.c.h; name = FeedbackUpload.h; path = Endless/FeedbackUpload.h; sourceTree = SOURCE_ROOT; };
		4E9610111E36A32C00CDE62E /* FeedbackUpload.m */ = {isa = PBXFileReference; fileEncoding = 4; lastKnownFileType = sourcecode.c.objc; name = FeedbackUpload.m; path = Endless/FeedbackUpload.m; sourceTree = SOURCE_ROOT; };
		4EA463901E395BCD00674DEA /* PsiphonData.h */ = {isa = PBXFileReference; fileEncoding = 4; lastKnownFileType = sourcecode.c.h; name = PsiphonData.h; path = Endless/PsiphonData.h; sourceTree = SOURCE_ROOT; };
		4EA463911E395BCD00674DEA /* PsiphonData.m */ = {isa = PBXFileReference; fileEncoding = 4; lastKnownFileType = sourcecode.c.objc; name = PsiphonData.m; path = Endless/PsiphonData.m; sourceTree = SOURCE_ROOT; };
		4EB51ECC1E941FBD008676A7 /* AdjustableLabel.h */ = {isa = PBXFileReference; fileEncoding = 4; lastKnownFileType = sourcecode.c.h; name = AdjustableLabel.h; path = Endless/AdjustableLabel.h; sourceTree = SOURCE_ROOT; };
		4EB51ECD1E941FBD008676A7 /* AdjustableLabel.m */ = {isa = PBXFileReference; fileEncoding = 4; lastKnownFileType = sourcecode.c.objc; name = AdjustableLabel.m; path = Endless/AdjustableLabel.m; sourceTree = SOURCE_ROOT; };
		4EE4E25D1ED4B51900167C0B /* LanguageSelectionViewController.h */ = {isa = PBXFileReference; fileEncoding = 4; lastKnownFileType = sourcecode.c.h; name = LanguageSelectionViewController.h; path = Endless/LanguageSelectionViewController.h; sourceTree = SOURCE_ROOT; };
		4EE4E25E1ED4B51900167C0B /* LanguageSelectionViewController.m */ = {isa = PBXFileReference; fileEncoding = 4; lastKnownFileType = sourcecode.c.objc; name = LanguageSelectionViewController.m; path = Endless/LanguageSelectionViewController.m; sourceTree = SOURCE_ROOT; };
		4EE4FF9A1ECA2700001C3D15 /* OnboardingLanguageViewController.h */ = {isa = PBXFileReference; fileEncoding = 4; lastKnownFileType = sourcecode.c.h; name = OnboardingLanguageViewController.h; path = Endless/OnboardingLanguageViewController.h; sourceTree = SOURCE_ROOT; };
		4EE4FF9B1ECA2700001C3D15 /* OnboardingLanguageViewController.m */ = {isa = PBXFileReference; fileEncoding = 4; lastKnownFileType = sourcecode.c.objc; name = OnboardingLanguageViewController.m; path = Endless/OnboardingLanguageViewController.m; sourceTree = SOURCE_ROOT; };
		4EEC58381E3FF48B006D4087 /* en */ = {isa = PBXFileReference; lastKnownFileType = text.plist.strings; name = en; path = en.lproj/InfoPlist.strings; sourceTree = "<group>"; };
		4EEC583A1E3FF497006D4087 /* ar */ = {isa = PBXFileReference; lastKnownFileType = text.plist.strings; name = ar; path = ar.lproj/InfoPlist.strings; sourceTree = "<group>"; };
		4EEC583B1E3FF49A006D4087 /* de */ = {isa = PBXFileReference; lastKnownFileType = text.plist.strings; name = de; path = de.lproj/InfoPlist.strings; sourceTree = "<group>"; };
		4EEC583C1E3FF49B006D4087 /* fa */ = {isa = PBXFileReference; lastKnownFileType = text.plist.strings; name = fa; path = fa.lproj/InfoPlist.strings; sourceTree = "<group>"; };
		4EEC583D1E3FF49F006D4087 /* fr */ = {isa = PBXFileReference; lastKnownFileType = text.plist.strings; name = fr; path = fr.lproj/InfoPlist.strings; sourceTree = "<group>"; };
		4EEC583E1E3FF4A2006D4087 /* hr */ = {isa = PBXFileReference; lastKnownFileType = text.plist.strings; name = hr; path = hr.lproj/InfoPlist.strings; sourceTree = "<group>"; };
		4EEC583F1E3FF4A3006D4087 /* id */ = {isa = PBXFileReference; lastKnownFileType = text.plist.strings; name = id; path = id.lproj/InfoPlist.strings; sourceTree = "<group>"; };
		4EEC58401E3FF4A4006D4087 /* nl */ = {isa = PBXFileReference; lastKnownFileType = text.plist.strings; name = nl; path = nl.lproj/InfoPlist.strings; sourceTree = "<group>"; };
		4EEC58411E3FF4A5006D4087 /* zh-Hant */ = {isa = PBXFileReference; lastKnownFileType = text.plist.strings; name = "zh-Hant"; path = "zh-Hant.lproj/InfoPlist.strings"; sourceTree = "<group>"; };
		4EEC58421E3FF4A8006D4087 /* es */ = {isa = PBXFileReference; lastKnownFileType = text.plist.strings; name = es; path = es.lproj/InfoPlist.strings; sourceTree = "<group>"; };
		4EEC58451E3FF9E2006D4087 /* pt-PT */ = {isa = PBXFileReference; lastKnownFileType = text.plist.strings; name = "pt-PT"; path = "pt-PT.lproj/InfoPlist.strings"; sourceTree = "<group>"; };
		4EEE09FA1DF873B700CEA8C2 /* psiphon-banner.png */ = {isa = PBXFileReference; lastKnownFileType = image.png; path = "psiphon-banner.png"; sourceTree = "<group>"; };
		4EFB34751E366C0A0067C7C3 /* UpstreamProxySettings.h */ = {isa = PBXFileReference; fileEncoding = 4; lastKnownFileType = sourcecode.c.h; name = UpstreamProxySettings.h; path = Endless/UpstreamProxySettings.h; sourceTree = SOURCE_ROOT; };
		4EFB34761E366C0A0067C7C3 /* UpstreamProxySettings.m */ = {isa = PBXFileReference; fileEncoding = 4; lastKnownFileType = sourcecode.c.objc; name = UpstreamProxySettings.m; path = Endless/UpstreamProxySettings.m; sourceTree = SOURCE_ROOT; };
		4EFB34781E366C370067C7C3 /* RegionAdapter.h */ = {isa = PBXFileReference; fileEncoding = 4; lastKnownFileType = sourcecode.c.h; name = RegionAdapter.h; path = Endless/RegionAdapter.h; sourceTree = SOURCE_ROOT; };
		4EFB34791E366C370067C7C3 /* RegionAdapter.m */ = {isa = PBXFileReference; fileEncoding = 4; lastKnownFileType = sourcecode.c.objc; name = RegionAdapter.m; path = Endless/RegionAdapter.m; sourceTree = SOURCE_ROOT; };
		4EFB347A1E366C370067C7C3 /* RegionSelectionViewController.h */ = {isa = PBXFileReference; fileEncoding = 4; lastKnownFileType = sourcecode.c.h; name = RegionSelectionViewController.h; path = Endless/RegionSelectionViewController.h; sourceTree = SOURCE_ROOT; };
		4EFB347B1E366C370067C7C3 /* RegionSelectionViewController.m */ = {isa = PBXFileReference; fileEncoding = 4; lastKnownFileType = sourcecode.c.objc; name = RegionSelectionViewController.m; path = Endless/RegionSelectionViewController.m; sourceTree = SOURCE_ROOT; };
		4EFB347E1E366C6F0067C7C3 /* FeedbackViewController.h */ = {isa = PBXFileReference; fileEncoding = 4; lastKnownFileType = sourcecode.c.h; name = FeedbackViewController.h; path = Endless/FeedbackViewController.h; sourceTree = SOURCE_ROOT; };
		4EFB347F1E366C6F0067C7C3 /* FeedbackViewController.m */ = {isa = PBXFileReference; fileEncoding = 4; lastKnownFileType = sourcecode.c.objc; name = FeedbackViewController.m; path = Endless/FeedbackViewController.m; sourceTree = SOURCE_ROOT; };
		4EFB34811E366E1D0067C7C3 /* FeedbackThumbsCell.h */ = {isa = PBXFileReference; fileEncoding = 4; lastKnownFileType = sourcecode.c.h; name = FeedbackThumbsCell.h; path = Endless/FeedbackThumbsCell.h; sourceTree = SOURCE_ROOT; };
		4EFB34821E366E1D0067C7C3 /* FeedbackThumbsCell.m */ = {isa = PBXFileReference; fileEncoding = 4; lastKnownFileType = sourcecode.c.objc; name = FeedbackThumbsCell.m; path = Endless/FeedbackThumbsCell.m; sourceTree = SOURCE_ROOT; };
		4EFB34841E366E4D0067C7C3 /* LogViewController.h */ = {isa = PBXFileReference; fileEncoding = 4; lastKnownFileType = sourcecode.c.h; name = LogViewController.h; path = Endless/LogViewController.h; sourceTree = SOURCE_ROOT; };
		4EFB34851E366E4D0067C7C3 /* LogViewController.m */ = {isa = PBXFileReference; fileEncoding = 4; lastKnownFileType = sourcecode.c.objc; name = LogViewController.m; path = Endless/LogViewController.m; sourceTree = SOURCE_ROOT; };
		5AAC3264F09D2F9AB445D0B8 /* Pods-Psiphon Browser.release.xcconfig */ = {isa = PBXFileReference; includeInIndex = 1; lastKnownFileType = text.xcconfig; name = "Pods-Psiphon Browser.release.xcconfig"; path = "Pods/Target Support Files/Pods-Psiphon Browser/Pods-Psiphon Browser.release.xcconfig"; sourceTree = "<group>"; };
		66094F701E6DEFCF0069EC4E /* nb */ = {isa = PBXFileReference; lastKnownFileType = text.plist.strings; name = nb; path = nb.lproj/Root.strings; sourceTree = "<group>"; };
		66094F711E6DEFCF0069EC4E /* nb */ = {isa = PBXFileReference; lastKnownFileType = text.plist.strings; name = nb; path = nb.lproj/IASKLocalizable.strings; sourceTree = "<group>"; };
		66094F721E6DEFCF0069EC4E /* nb */ = {isa = PBXFileReference; lastKnownFileType = text.plist.strings; name = nb; path = nb.lproj/Localizable.strings; sourceTree = "<group>"; };
		66094F741E6DEFCF0069EC4E /* nb */ = {isa = PBXFileReference; lastKnownFileType = text.plist.strings; name = nb; path = nb.lproj/InfoPlist.strings; sourceTree = "<group>"; };
		6631B2331EB3B6DB003DFBE1 /* embedded_server_entries */ = {isa = PBXFileReference; fileEncoding = 4; lastKnownFileType = text; name = embedded_server_entries; path = Endless/embedded_server_entries; sourceTree = SOURCE_ROOT; };
		6685BDDA1E314BF700F0E414 /* de */ = {isa = PBXFileReference; lastKnownFileType = text.plist.strings; name = de; path = de.lproj/Root.strings; sourceTree = "<group>"; };
		6685BDDB1E314BF700F0E414 /* de */ = {isa = PBXFileReference; lastKnownFileType = text.plist.strings; name = de; path = de.lproj/IASKLocalizable.strings; sourceTree = "<group>"; };
		6685BDDC1E314BF700F0E414 /* de */ = {isa = PBXFileReference; lastKnownFileType = text.plist.strings; name = de; path = de.lproj/Localizable.strings; sourceTree = "<group>"; };
		6685BDDE1E314EAF00F0E414 /* fa */ = {isa = PBXFileReference; lastKnownFileType = text.plist.strings; name = fa; path = fa.lproj/Root.strings; sourceTree = "<group>"; };
		6685BDDF1E314EAF00F0E414 /* fa */ = {isa = PBXFileReference; lastKnownFileType = text.plist.strings; name = fa; path = fa.lproj/IASKLocalizable.strings; sourceTree = "<group>"; };
		6685BDE01E314EB000F0E414 /* fa */ = {isa = PBXFileReference; lastKnownFileType = text.plist.strings; name = fa; path = fa.lproj/Localizable.strings; sourceTree = "<group>"; };
		6685BDE21E314EC500F0E414 /* fr */ = {isa = PBXFileReference; lastKnownFileType = text.plist.strings; name = fr; path = fr.lproj/Root.strings; sourceTree = "<group>"; };
		6685BDE31E314EC500F0E414 /* fr */ = {isa = PBXFileReference; lastKnownFileType = text.plist.strings; name = fr; path = fr.lproj/IASKLocalizable.strings; sourceTree = "<group>"; };
		6685BDE41E314EC500F0E414 /* fr */ = {isa = PBXFileReference; lastKnownFileType = text.plist.strings; name = fr; path = fr.lproj/Localizable.strings; sourceTree = "<group>"; };
		6685BDE61E314EDC00F0E414 /* hr */ = {isa = PBXFileReference; lastKnownFileType = text.plist.strings; name = hr; path = hr.lproj/Root.strings; sourceTree = "<group>"; };
		6685BDE71E314EDC00F0E414 /* hr */ = {isa = PBXFileReference; lastKnownFileType = text.plist.strings; name = hr; path = hr.lproj/IASKLocalizable.strings; sourceTree = "<group>"; };
		6685BDE81E314EDC00F0E414 /* hr */ = {isa = PBXFileReference; lastKnownFileType = text.plist.strings; name = hr; path = hr.lproj/Localizable.strings; sourceTree = "<group>"; };
		6685BDEA1E314EEC00F0E414 /* id */ = {isa = PBXFileReference; lastKnownFileType = text.plist.strings; name = id; path = id.lproj/Root.strings; sourceTree = "<group>"; };
		6685BDEB1E314EEC00F0E414 /* id */ = {isa = PBXFileReference; lastKnownFileType = text.plist.strings; name = id; path = id.lproj/IASKLocalizable.strings; sourceTree = "<group>"; };
		6685BDEC1E314EED00F0E414 /* id */ = {isa = PBXFileReference; lastKnownFileType = text.plist.strings; name = id; path = id.lproj/Localizable.strings; sourceTree = "<group>"; };
		6685BDEE1E314EF700F0E414 /* nl */ = {isa = PBXFileReference; lastKnownFileType = text.plist.strings; name = nl; path = nl.lproj/Root.strings; sourceTree = "<group>"; };
		6685BDEF1E314EF700F0E414 /* nl */ = {isa = PBXFileReference; lastKnownFileType = text.plist.strings; name = nl; path = nl.lproj/IASKLocalizable.strings; sourceTree = "<group>"; };
		6685BDF01E314EF700F0E414 /* nl */ = {isa = PBXFileReference; lastKnownFileType = text.plist.strings; name = nl; path = nl.lproj/Localizable.strings; sourceTree = "<group>"; };
		6685BDF61E314F1300F0E414 /* zh-Hant */ = {isa = PBXFileReference; lastKnownFileType = text.plist.strings; name = "zh-Hant"; path = "zh-Hant.lproj/Root.strings"; sourceTree = "<group>"; };
		6685BDF71E314F1300F0E414 /* zh-Hant */ = {isa = PBXFileReference; lastKnownFileType = text.plist.strings; name = "zh-Hant"; path = "zh-Hant.lproj/IASKLocalizable.strings"; sourceTree = "<group>"; };
		6685BDF81E314F1300F0E414 /* zh-Hant */ = {isa = PBXFileReference; lastKnownFileType = text.plist.strings; name = "zh-Hant"; path = "zh-Hant.lproj/Localizable.strings"; sourceTree = "<group>"; };
		6685BDFA1E314FB100F0E414 /* es */ = {isa = PBXFileReference; lastKnownFileType = text.plist.strings; name = es; path = es.lproj/Root.strings; sourceTree = "<group>"; };
		6685BDFB1E314FB100F0E414 /* es */ = {isa = PBXFileReference; lastKnownFileType = text.plist.strings; name = es; path = es.lproj/IASKLocalizable.strings; sourceTree = "<group>"; };
		6685BDFC1E314FB100F0E414 /* es */ = {isa = PBXFileReference; lastKnownFileType = text.plist.strings; name = es; path = es.lproj/Localizable.strings; sourceTree = "<group>"; };
		6685BDFE1E315E1B00F0E414 /* pt-PT */ = {isa = PBXFileReference; lastKnownFileType = text.plist.strings; name = "pt-PT"; path = "pt-PT.lproj/Root.strings"; sourceTree = "<group>"; };
		6685BDFF1E315E1B00F0E414 /* pt-PT */ = {isa = PBXFileReference; lastKnownFileType = text.plist.strings; name = "pt-PT"; path = "pt-PT.lproj/IASKLocalizable.strings"; sourceTree = "<group>"; };
		6685BE001E315E1B00F0E414 /* pt-PT */ = {isa = PBXFileReference; lastKnownFileType = text.plist.strings; name = "pt-PT"; path = "pt-PT.lproj/Localizable.strings"; sourceTree = "<group>"; };
		669541BA1F290C290038E125 /* zh-Hans */ = {isa = PBXFileReference; lastKnownFileType = text.plist.strings; name = "zh-Hans"; path = "zh-Hans.lproj/Root.strings"; sourceTree = "<group>"; };
		669541BB1F290C290038E125 /* zh-Hans */ = {isa = PBXFileReference; lastKnownFileType = text.plist.strings; name = "zh-Hans"; path = "zh-Hans.lproj/IASKLocalizable.strings"; sourceTree = "<group>"; };
		669541BC1F290C290038E125 /* zh-Hans */ = {isa = PBXFileReference; lastKnownFileType = text.plist.strings; name = "zh-Hans"; path = "zh-Hans.lproj/Localizable.strings"; sourceTree = "<group>"; };
		669541BD1F290C290038E125 /* zh-Hans */ = {isa = PBXFileReference; lastKnownFileType = text.plist.strings; name = "zh-Hans"; path = "zh-Hans.lproj/InfoPlist.strings"; sourceTree = "<group>"; };
		669541BE1F2910190038E125 /* tr */ = {isa = PBXFileReference; lastKnownFileType = text.plist.strings; name = tr; path = tr.lproj/Root.strings; sourceTree = "<group>"; };
		669541BF1F2910190038E125 /* tr */ = {isa = PBXFileReference; lastKnownFileType = text.plist.strings; name = tr; path = tr.lproj/IASKLocalizable.strings; sourceTree = "<group>"; };
		669541C01F2910190038E125 /* tr */ = {isa = PBXFileReference; lastKnownFileType = text.plist.strings; name = tr; path = tr.lproj/Localizable.strings; sourceTree = "<group>"; };
		669541C11F2910190038E125 /* tr */ = {isa = PBXFileReference; lastKnownFileType = text.plist.strings; name = tr; path = tr.lproj/InfoPlist.strings; sourceTree = "<group>"; };
		669541C21F29106F0038E125 /* ru */ = {isa = PBXFileReference; lastKnownFileType = text.plist.strings; name = ru; path = ru.lproj/Root.strings; sourceTree = "<group>"; };
		669541C31F29106F0038E125 /* ru */ = {isa = PBXFileReference; lastKnownFileType = text.plist.strings; name = ru; path = ru.lproj/IASKLocalizable.strings; sourceTree = "<group>"; };
		669541C41F29106F0038E125 /* ru */ = {isa = PBXFileReference; lastKnownFileType = text.plist.strings; name = ru; path = ru.lproj/Localizable.strings; sourceTree = "<group>"; };
		669541C51F29106F0038E125 /* ru */ = {isa = PBXFileReference; lastKnownFileType = text.plist.strings; name = ru; path = ru.lproj/InfoPlist.strings; sourceTree = "<group>"; };
		66A11B741F2688E100829523 /* vi */ = {isa = PBXFileReference; lastKnownFileType = text.plist.strings; name = vi; path = vi.lproj/Root.strings; sourceTree = "<group>"; };
		66A11B751F2688E100829523 /* vi */ = {isa = PBXFileReference; lastKnownFileType = text.plist.strings; name = vi; path = vi.lproj/IASKLocalizable.strings; sourceTree = "<group>"; };
		66A11B761F2688E100829523 /* vi */ = {isa = PBXFileReference; lastKnownFileType = text.plist.strings; name = vi; path = vi.lproj/Localizable.strings; sourceTree = "<group>"; };
		66A11B771F2688E100829523 /* vi */ = {isa = PBXFileReference; lastKnownFileType = text.plist.strings; name = vi; path = vi.lproj/InfoPlist.strings; sourceTree = "<group>"; };
		66C7E87A1F01907E002200C3 /* bo */ = {isa = PBXFileReference; lastKnownFileType = text.plist.strings; name = bo; path = bo.lproj/Root.strings; sourceTree = "<group>"; };
		66C7E87B1F01907E002200C3 /* bo */ = {isa = PBXFileReference; lastKnownFileType = text.plist.strings; name = bo; path = bo.lproj/IASKLocalizable.strings; sourceTree = "<group>"; };
		66C7E87C1F01907E002200C3 /* bo */ = {isa = PBXFileReference; lastKnownFileType = text.plist.strings; name = bo; path = bo.lproj/Localizable.strings; sourceTree = "<group>"; };
		66C7E87D1F01907E002200C3 /* bo */ = {isa = PBXFileReference; lastKnownFileType = text.plist.strings; name = bo; path = bo.lproj/InfoPlist.strings; sourceTree = "<group>"; };
		66C7E87E1F0190BE002200C3 /* km */ = {isa = PBXFileReference; lastKnownFileType = text.plist.strings; name = km; path = km.lproj/Root.strings; sourceTree = "<group>"; };
		66C7E87F1F0190BF002200C3 /* km */ = {isa = PBXFileReference; lastKnownFileType = text.plist.strings; name = km; path = km.lproj/IASKLocalizable.strings; sourceTree = "<group>"; };
		66C7E8801F0190BF002200C3 /* km */ = {isa = PBXFileReference; lastKnownFileType = text.plist.strings; name = km; path = km.lproj/Localizable.strings; sourceTree = "<group>"; };
		66C7E8811F0190BF002200C3 /* km */ = {isa = PBXFileReference; lastKnownFileType = text.plist.strings; name = km; path = km.lproj/InfoPlist.strings; sourceTree = "<group>"; };
		80E5FC217E500BA7A9597CEC /* libPods-Psiphon Browser.a */ = {isa = PBXFileReference; explicitFileType = archive.ar; includeInIndex = 0; path = "libPods-Psiphon Browser.a"; sourceTree = BUILT_PRODUCTS_DIR; };
		8559DBCF077714C189AF2423 /* Pods-Psiphon Browser Tests.debug.xcconfig */ = {isa = PBXFileReference; includeInIndex = 1; lastKnownFileType = text.xcconfig; name = "Pods-Psiphon Browser Tests.debug.xcconfig"; path = "Pods/Target Support Files/Pods-Psiphon Browser Tests/Pods-Psiphon Browser Tests.debug.xcconfig"; sourceTree = "<group>"; };
		9294AA2922D5BDB6EBCE396A /* Pods-Endless.release.xcconfig */ = {isa = PBXFileReference; includeInIndex = 1; lastKnownFileType = text.xcconfig; name = "Pods-Endless.release.xcconfig"; path = "Pods/Target Support Files/Pods-Endless/Pods-Endless.release.xcconfig"; sourceTree = "<group>"; };
		978B748BC7C103152186A682 /* Pods-Psiphon Browser.debug.xcconfig */ = {isa = PBXFileReference; includeInIndex = 1; lastKnownFileType = text.xcconfig; name = "Pods-Psiphon Browser.debug.xcconfig"; path = "Pods/Target Support Files/Pods-Psiphon Browser/Pods-Psiphon Browser.debug.xcconfig"; sourceTree = "<group>"; };
		D5539BB6B9C413DCDBDB86C7 /* Pods-Endless Tests.release.xcconfig */ = {isa = PBXFileReference; includeInIndex = 1; lastKnownFileType = text.xcconfig; name = "Pods-Endless Tests.release.xcconfig"; path = "Pods/Target Support Files/Pods-Endless Tests/Pods-Endless Tests.release.xcconfig"; sourceTree = "<group>"; };
		DC10B8CFD8DB1137076245D9 /* Pods.debug.xcconfig */ = {isa = PBXFileReference; includeInIndex = 1; lastKnownFileType = text.xcconfig; name = Pods.debug.xcconfig; path = "Pods/Target Support Files/Pods/Pods.debug.xcconfig"; sourceTree = "<group>"; };
		DDC76BC31EB8F9AAFB8BEE31 /* Pods-Endless Tests.debug.xcconfig */ = {isa = PBXFileReference; includeInIndex = 1; lastKnownFileType = text.xcconfig; name = "Pods-Endless Tests.debug.xcconfig"; path = "Pods/Target Support Files/Pods-Endless Tests/Pods-Endless Tests.debug.xcconfig"; sourceTree = "<group>"; };
		DDD1A40F3EE6113729C69C4E /* Pods.release.xcconfig */ = {isa = PBXFileReference; includeInIndex = 1; lastKnownFileType = text.xcconfig; name = Pods.release.xcconfig; path = "Pods/Target Support Files/Pods/Pods.release.xcconfig"; sourceTree = "<group>"; };
/* End PBXFileReference section */

/* Begin PBXFrameworksBuildPhase section */
		01801E8F1A32CA2A002B4718 /* Frameworks */ = {
			isa = PBXFrameworksBuildPhase;
			buildActionMask = 2147483647;
			files = (
				44E779481DE6040100854379 /* PsiphonTunnel.framework in Frameworks */,
				016B2FCD1A5648AE002D2730 /* WebKit.framework in Frameworks */,
				3A2F3E91C803B63ED1039CBC /* libPods-Psiphon Browser.a in Frameworks */,
			);
			runOnlyForDeploymentPostprocessing = 0;
		};
		018333D41A35727C00670CD1 /* Frameworks */ = {
			isa = PBXFrameworksBuildPhase;
			buildActionMask = 2147483647;
			files = (
				D61D8FFD45ED8F65C6CD4048 /* libPods-Psiphon Browser Tests.a in Frameworks */,
			);
			runOnlyForDeploymentPostprocessing = 0;
		};
/* End PBXFrameworksBuildPhase section */

/* Begin PBXGroup section */
		01801E891A32CA2A002B4718 = {
			isa = PBXGroup;
			children = (
				44E778F71DDB723900854379 /* Psiphon */,
				01801E941A32CA2A002B4718 /* Endless */,
				01801EC11A3360B1002B4718 /* Resources */,
				01AFEB4A1B4F2A5F00A02482 /* External */,
				01801E951A32CA2A002B4718 /* Supporting Files */,
				018333D81A35727C00670CD1 /* Endless Tests */,
				01801E931A32CA2A002B4718 /* Products */,
				15AD3EF085D2BF7B56887532 /* Pods */,
				6CC21620E2AE7B4037C6401B /* Frameworks */,
			);
			sourceTree = "<group>";
			usesTabs = 1;
		};
		01801E931A32CA2A002B4718 /* Products */ = {
			isa = PBXGroup;
			children = (
				01801E921A32CA2A002B4718 /* PsiphonBrowser.app */,
				018333D71A35727C00670CD1 /* Psiphon Browser Tests.xctest */,
			);
			name = Products;
			sourceTree = "<group>";
		};
		01801E941A32CA2A002B4718 /* Endless */ = {
			isa = PBXGroup;
			children = (
				01801E9F1A32CA2A002B4718 /* WebViewController.h */,
				01801EA01A32CA2A002B4718 /* WebViewController.m */,
				01AFEB471B4ED48000A02482 /* Bookmark.h */,
				01AFEB481B4ED48000A02482 /* Bookmark.m */,
				01AFEB351B4DBA8D00A02482 /* BookmarkController.h */,
				01AFEB361B4DBA8D00A02482 /* BookmarkController.m */,
				010EEA671A43C8CF001E8B65 /* CookieJar.h */,
				010EEA681A43C8CF001E8B65 /* CookieJar.m */,
				01F7CB471A5253DD00F42B73 /* HSTSCache.h */,
				01F7CB481A5253DD00F42B73 /* HSTSCache.m */,
				018333C81A3505FB00670CD1 /* HTTPSEverywhere.h */,
				018333C91A3505FB00670CD1 /* HTTPSEverywhere.m */,
				018333D01A35291200670CD1 /* HTTPSEverywhereRule.h */,
				018333D11A35291200670CD1 /* HTTPSEverywhereRule.m */,
				0182AD991AACC55400F3B7ED /* HTTPSEverywhereRuleController.h */,
				0182AD9A1AACC55400F3B7ED /* HTTPSEverywhereRuleController.m */,
				4E1175171DD6310A009527EB /* SettingsViewController.h */,
				4E1175181DD63123009527EB /* SettingsViewController.m */,
				01F2AE371B7FEF5E00D5651A /* SSLCertificate.h */,
				01F2AE381B7FEF5E00D5651A /* SSLCertificate.m */,
				01F2AE3E1B82666900D5651A /* SSLCertificateViewController.h */,
				01F2AE3F1B82666900D5651A /* SSLCertificateViewController.m */,
				0135F47D1A3E548F005A8F16 /* WebViewTab.h */,
				0135F47E1A3E548F005A8F16 /* WebViewTab.m */,
			);
			path = Endless;
			sourceTree = "<group>";
		};
		01801E951A32CA2A002B4718 /* Supporting Files */ = {
			isa = PBXGroup;
			children = (
				018333CF1A351B3B00670CD1 /* Endless-Prefix.pch */,
				01801E961A32CA2A002B4718 /* Info.plist */,
				01EFA7FD1A63851400688398 /* LocalNetworkChecker.h */,
				01EFA7FE1A63851400688398 /* LocalNetworkChecker.m */,
				01801E971A32CA2A002B4718 /* main.m */,
				01F7CB4C1A52FC4E00F42B73 /* NSString+IPAddress.h */,
				01F7CB4D1A52FC4E00F42B73 /* NSString+IPAddress.m */,
				01D7412D1A466AF0007B7033 /* NSString+JavascriptEscape.h */,
				01D7412E1A466AF0007B7033 /* NSString+JavascriptEscape.m */,
				01D741301A49EA14007B7033 /* RuleEditorController.h */,
				01D741311A49EA14007B7033 /* RuleEditorController.m */,
			);
			name = "Supporting Files";
			path = Endless;
			sourceTree = "<group>";
		};
		01801EC11A3360B1002B4718 /* Resources */ = {
			isa = PBXGroup;
			children = (
				44E779331DE4DCE300854379 /* Strings */,
				01F8794A1A41232E00A63654 /* credits.html */,
				44AA65C61E29640300C9976D /* blip1.wav */,
				4EEE09FA1DF873B700CEA8C2 /* psiphon-banner.png */,
				016B2FCA1A53466D002D2730 /* hsts_preload.plist */,
				018333E71A35746500670CD1 /* https-everywhere_rules.plist */,
				018333E81A35746500670CD1 /* https-everywhere_targets.plist */,
				01801EA51A32CA2A002B4718 /* Images.xcassets */,
				01801EC21A3360F8002B4718 /* InAppSettings.bundle */,
				01D7412B1A45F8EB007B7033 /* injected.js */,
				01FC0E561B38FB6B00955D9A /* Launch Screen.xib */,
				0135F4751A3D2931005A8F16 /* SearchEngines.plist */,
				01F8794D1A412F8E00A63654 /* urlblocker_targets.plist */,
				4E7645051F01CB1500DD7ACA /* Bourbon-Oblique.otf */,
			);
			name = Resources;
			sourceTree = "<group>";
		};
		018333D81A35727C00670CD1 /* Endless Tests */ = {
			isa = PBXGroup;
			children = (
				01F7CB4A1A526B9C00F42B73 /* HSTSCache_Tests.m */,
				018333DB1A35727C00670CD1 /* HTTPSEverywhere_Tests.m */,
				01F2AE411B827BC200D5651A /* SSLCertificate_Tests.m */,
				018333D91A35727C00670CD1 /* Supporting Files */,
			);
			path = "Endless Tests";
			sourceTree = "<group>";
		};
		018333D91A35727C00670CD1 /* Supporting Files */ = {
			isa = PBXGroup;
			children = (
				01F2AE491B82835A00D5651A /* expired.superblock.net.crt */,
				01F2AE431B827D3E00D5651A /* lobste.rs.crt */,
				01F2AE471B82822600D5651A /* paypal.com.crt */,
				01F2AE441B827D3E00D5651A /* wildcard.pushover.net.crt */,
				01F879421A41140D00A63654 /* https-everywhere_mock_rules.plist */,
				01F879431A41140D00A63654 /* https-everywhere_mock_targets.plist */,
				01F879461A41141800A63654 /* urlblocker_mock_rules.plist */,
				01F879471A41141800A63654 /* urlblocker_mock_targets.plist */,
				018333DA1A35727C00670CD1 /* Info.plist */,
			);
			name = "Supporting Files";
			sourceTree = "<group>";
		};
		01AFEB4A1B4F2A5F00A02482 /* External */ = {
			isa = PBXGroup;
			children = (
				44864F851E708EE900865705 /* JiveAuthenticatingHTTPProtocol */,
				444CEFB51E54DA610085F3D4 /* NYAlertViewController */,
			);
			path = External;
			sourceTree = "<group>";
		};
		15AD3EF085D2BF7B56887532 /* Pods */ = {
			isa = PBXGroup;
			children = (
				DC10B8CFD8DB1137076245D9 /* Pods.debug.xcconfig */,
				DDD1A40F3EE6113729C69C4E /* Pods.release.xcconfig */,
				DDC76BC31EB8F9AAFB8BEE31 /* Pods-Endless Tests.debug.xcconfig */,
				D5539BB6B9C413DCDBDB86C7 /* Pods-Endless Tests.release.xcconfig */,
				0CD14E361B8198320473A2FF /* Pods-Endless.debug.xcconfig */,
				9294AA2922D5BDB6EBCE396A /* Pods-Endless.release.xcconfig */,
				978B748BC7C103152186A682 /* Pods-Psiphon Browser.debug.xcconfig */,
				5AAC3264F09D2F9AB445D0B8 /* Pods-Psiphon Browser.release.xcconfig */,
				8559DBCF077714C189AF2423 /* Pods-Psiphon Browser Tests.debug.xcconfig */,
				0046D8AA27B31019AEAC6C00 /* Pods-Psiphon Browser Tests.release.xcconfig */,
			);
			name = Pods;
			sourceTree = "<group>";
		};
		444CEFB51E54DA610085F3D4 /* NYAlertViewController */ = {
			isa = PBXGroup;
			children = (
				444CEFAF1E54DA2D0085F3D4 /* NYAlertView.h */,
				444CEFB01E54DA2D0085F3D4 /* NYAlertView.m */,
				444CEFB11E54DA2D0085F3D4 /* NYAlertViewController.h */,
				444CEFB21E54DA2D0085F3D4 /* NYAlertViewController.m */,
			);
			name = NYAlertViewController;
			sourceTree = "<group>";
		};
		44864F851E708EE900865705 /* JiveAuthenticatingHTTPProtocol */ = {
			isa = PBXGroup;
			children = (
				44864F861E708EE900865705 /* JAHPAuthenticatingHTTPProtocol.h */,
				44864F871E708EE900865705 /* JAHPAuthenticatingHTTPProtocol.m */,
				44864F881E708EE900865705 /* JAHPCacheStoragePolicy.h */,
				44864F891E708EE900865705 /* JAHPCacheStoragePolicy.m */,
				44864F8A1E708EE900865705 /* JAHPCanonicalRequest.h */,
				44864F8B1E708EE900865705 /* JAHPCanonicalRequest.m */,
				44864F8C1E708EE900865705 /* JAHPQNSURLSessionDemux.h */,
				44864F8D1E708EE900865705 /* JAHPQNSURLSessionDemux.m */,
			);
			path = JiveAuthenticatingHTTPProtocol;
			sourceTree = "<group>";
		};
		44E778F71DDB723900854379 /* Psiphon */ = {
			isa = PBXGroup;
			children = (
				44E779451DE6038000854379 /* psiphon_config */,
				6631B2331EB3B6DB003DFBE1 /* embedded_server_entries */,
				4E0292091EDC7FFF00D1EF43 /* Diagnostics/Feedback */,
				4E0292081EDC7FA600D1EF43 /* Onboarding */,
				44E7793D1DE6031A00854379 /* AppDelegate.h */,
				44E7793E1DE6031A00854379 /* AppDelegate.m */,
				44C7B2071E2040A700432BBB /* L10n+Swizzling.m */,
				44B944341EEB21D6003B6B9A /* ICDMaterialActivityIndicatorView.h */,
				44B944351EEB21D6003B6B9A /* ICDMaterialActivityIndicatorView.m */,
				44E7793F1DE6031A00854379 /* PsiphonConnectionIndicator.h */,
				44E779401DE6031A00854379 /* PsiphonConnectionIndicator.m */,
				449316E01E8BFA4000D0708D /* PsiphonConnectionModalViewController.h */,
				449316E11E8BFA4000D0708D /* PsiphonConnectionModalViewController.m */,
				44BF73F01EB11B890048E3C7 /* PsiphonHomePagesEquivalentURLs.h */,
				44BF73F11EB11B8A0048E3C7 /* PsiphonHomePagesEquivalentURLs.m */,
				4E628E971EF89D1A00F8B3B5 /* PsiphonSettingsTextFieldViewCell.h */,
				4E628E981EF89D1A00F8B3B5 /* PsiphonSettingsTextFieldViewCell.m */,
				44E779411DE6031A00854379 /* PsiphonTunnel.framework */,
				4EFB34781E366C370067C7C3 /* RegionAdapter.h */,
				4EFB34791E366C370067C7C3 /* RegionAdapter.m */,
				4EFB347A1E366C370067C7C3 /* RegionSelectionViewController.h */,
				4EFB347B1E366C370067C7C3 /* RegionSelectionViewController.m */,
				4EFB34751E366C0A0067C7C3 /* UpstreamProxySettings.h */,
				4EFB34761E366C0A0067C7C3 /* UpstreamProxySettings.m */,
			);
			path = Psiphon;
			sourceTree = "<group>";
		};
		44E779331DE4DCE300854379 /* Strings */ = {
			isa = PBXGroup;
			children = (
				446CB09F1DFF613900AEC0A9 /* Root.strings */,
				44E7792C1DE4DCCA00854379 /* IASKLocalizable.strings */,
				44E7792F1DE4DCCF00854379 /* Localizable.strings */,
				4EEC58391E3FF48B006D4087 /* InfoPlist.strings */,
			);
			name = Strings;
			path = Endless;
			sourceTree = "<group>";
		};
		4E0292081EDC7FA600D1EF43 /* Onboarding */ = {
			isa = PBXGroup;
			children = (
				4EB51ECC1E941FBD008676A7 /* AdjustableLabel.h */,
				4EB51ECD1E941FBD008676A7 /* AdjustableLabel.m */,
				4EE4E25D1ED4B51900167C0B /* LanguageSelectionViewController.h */,
				4EE4E25E1ED4B51900167C0B /* LanguageSelectionViewController.m */,
				4E70945C1E4CD14A00679B3F /* OnboardingInfoViewController.h */,
				4E70945D1E4CD14A00679B3F /* OnboardingInfoViewController.m */,
				4EE4FF9A1ECA2700001C3D15 /* OnboardingLanguageViewController.h */,
				4EE4FF9B1ECA2700001C3D15 /* OnboardingLanguageViewController.m */,
				4E70945E1E4CD14A00679B3F /* OnboardingViewController.h */,
				4E70945F1E4CD14A00679B3F /* OnboardingViewController.m */,
				4E628E9C1EF89D2C00F8B3B5 /* TutorialViewController.h */,
				4E628E9D1EF89D2C00F8B3B5 /* TutorialViewController.m */,
				4E628E9A1EF89D2C00F8B3B5 /* TutorialPageViewController.h */,
				4E628E9B1EF89D2C00F8B3B5 /* TutorialPageViewController.m */,
			);
			name = Onboarding;
			sourceTree = "<group>";
		};
		4E0292091EDC7FFF00D1EF43 /* Diagnostics/Feedback */ = {
			isa = PBXGroup;
			children = (
				4EFB34811E366E1D0067C7C3 /* FeedbackThumbsCell.h */,
				4EFB34821E366E1D0067C7C3 /* FeedbackThumbsCell.m */,
				4E9610101E36A32C00CDE62E /* FeedbackUpload.h */,
				4E9610111E36A32C00CDE62E /* FeedbackUpload.m */,
				4EFB347E1E366C6F0067C7C3 /* FeedbackViewController.h */,
				4EFB347F1E366C6F0067C7C3 /* FeedbackViewController.m */,
				4EFB34841E366E4D0067C7C3 /* LogViewController.h */,
				4EFB34851E366E4D0067C7C3 /* LogViewController.m */,
				4EA463901E395BCD00674DEA /* PsiphonData.h */,
				4EA463911E395BCD00674DEA /* PsiphonData.m */,
			);
			name = Diagnostics/Feedback;
			sourceTree = "<group>";
		};
		6CC21620E2AE7B4037C6401B /* Frameworks */ = {
			isa = PBXGroup;
			children = (
				016B2FCC1A5648AE002D2730 /* WebKit.framework */,
				018333EB1A357D8B00670CD1 /* libPods-OCMock.a */,
				80E5FC217E500BA7A9597CEC /* libPods-Psiphon Browser.a */,
				0016F06CBF958E51B2CC6862 /* libPods-Psiphon Browser Tests.a */,
			);
			name = Frameworks;
			sourceTree = "<group>";
		};
/* End PBXGroup section */

/* Begin PBXNativeTarget section */
		01801E911A32CA2A002B4718 /* Psiphon Browser */ = {
			isa = PBXNativeTarget;
			buildConfigurationList = 01801EB81A32CA2A002B4718 /* Build configuration list for PBXNativeTarget "Psiphon Browser" */;
			buildPhases = (
				AD6CC348A4A754780C9FF2A3 /* [CP] Check Pods Manifest.lock */,
				01801E8E1A32CA2A002B4718 /* Sources */,
				01801E8F1A32CA2A002B4718 /* Frameworks */,
				01801E901A32CA2A002B4718 /* Resources */,
				F1123B8772DD1017FF7AD4C0 /* [CP] Copy Pods Resources */,
				10F4056FB52682AF9841FCE7 /* [CP] Embed Pods Frameworks */,
				44E778FD1DDB73A500854379 /* CopyFiles */,
				440FB7731E3A9ADC00B10B9E /* ShellScript */,
			);
			buildRules = (
			);
			dependencies = (
			);
			name = "Psiphon Browser";
			productName = Endless;
			productReference = 01801E921A32CA2A002B4718 /* PsiphonBrowser.app */;
			productType = "com.apple.product-type.application";
		};
		018333D61A35727C00670CD1 /* Psiphon Browser Tests */ = {
			isa = PBXNativeTarget;
			buildConfigurationList = 018333DF1A35727C00670CD1 /* Build configuration list for PBXNativeTarget "Psiphon Browser Tests" */;
			buildPhases = (
				B490F5F7A7DE676CD3B7340F /* [CP] Check Pods Manifest.lock */,
				018333D31A35727C00670CD1 /* Sources */,
				018333D41A35727C00670CD1 /* Frameworks */,
				018333D51A35727C00670CD1 /* Resources */,
				1A927D79DA43D9D14E9FB250 /* [CP] Copy Pods Resources */,
				CFB22C1D14D47FC31E517EFA /* [CP] Embed Pods Frameworks */,
			);
			buildRules = (
			);
			dependencies = (
				018333DE1A35727C00670CD1 /* PBXTargetDependency */,
			);
			name = "Psiphon Browser Tests";
			productName = "Endless Tests";
			productReference = 018333D71A35727C00670CD1 /* Psiphon Browser Tests.xctest */;
			productType = "com.apple.product-type.bundle.unit-test";
		};
/* End PBXNativeTarget section */

/* Begin PBXProject section */
		01801E8A1A32CA2A002B4718 /* Project object */ = {
			isa = PBXProject;
			attributes = {
				LastUpgradeCheck = 0820;
				ORGANIZATIONNAME = jcs;
				TargetAttributes = {
					01801E911A32CA2A002B4718 = {
						CreatedOnToolsVersion = 6.1.1;
						DevelopmentTeam = Q6HLNEX92A;
						LastSwiftMigration = 0800;
						ProvisioningStyle = Automatic;
						SystemCapabilities = {
							com.apple.DataProtection = {
								enabled = 1;
							};
						};
					};
					018333D61A35727C00670CD1 = {
						CreatedOnToolsVersion = 6.1.1;
						TestTargetID = 01801E911A32CA2A002B4718;
					};
				};
			};
			buildConfigurationList = 01801E8D1A32CA2A002B4718 /* Build configuration list for PBXProject "Psiphon Browser" */;
			compatibilityVersion = "Xcode 3.2";
			developmentRegion = English;
			hasScannedForEncodings = 0;
			knownRegions = (
				en,
				ar,
				de,
				fa,
				fr,
				hr,
				id,
				nl,
				"zh-Hant",
				es,
				"pt-PT",
				nb,
				bo,
				km,
				vi,
				"zh-Hans",
				tr,
				ru,
			);
			mainGroup = 01801E891A32CA2A002B4718;
			productRefGroup = 01801E931A32CA2A002B4718 /* Products */;
			projectDirPath = "";
			projectRoot = "";
			targets = (
				01801E911A32CA2A002B4718 /* Psiphon Browser */,
				018333D61A35727C00670CD1 /* Psiphon Browser Tests */,
			);
		};
/* End PBXProject section */

/* Begin PBXResourcesBuildPhase section */
		01801E901A32CA2A002B4718 /* Resources */ = {
			isa = PBXResourcesBuildPhase;
			buildActionMask = 2147483647;
			files = (
				44E779461DE6038000854379 /* psiphon_config in Resources */,
				0135F4761A3D2931005A8F16 /* SearchEngines.plist in Resources */,
				018333EA1A35746500670CD1 /* https-everywhere_targets.plist in Resources */,
				018333E91A35746500670CD1 /* https-everywhere_rules.plist in Resources */,
				6631B2341EB3B6DB003DFBE1 /* embedded_server_entries in Resources */,
				01801EC31A3360F8002B4718 /* InAppSettings.bundle in Resources */,
				446CB0A11DFF613900AEC0A9 /* Root.strings in Resources */,
				4E7645061F01CB1500DD7ACA /* Bourbon-Oblique.otf in Resources */,
				01D7412C1A45F8EB007B7033 /* injected.js in Resources */,
				4EEC58371E3FF48B006D4087 /* InfoPlist.strings in Resources */,
				4EEE09FB1DF873B700CEA8C2 /* psiphon-banner.png in Resources */,
				01F8794F1A412FA500A63654 /* urlblocker_targets.plist in Resources */,
				01801EA61A32CA2A002B4718 /* Images.xcassets in Resources */,
				44AA65C71E29640300C9976D /* blip1.wav in Resources */,
				01F8794C1A4124FE00A63654 /* credits.html in Resources */,
				44E7792D1DE4DCCF00854379 /* Localizable.strings in Resources */,
				44E7792A1DE4DCCA00854379 /* IASKLocalizable.strings in Resources */,
				016B2FCB1A53466D002D2730 /* hsts_preload.plist in Resources */,
				01FC0E571B38FB6B00955D9A /* Launch Screen.xib in Resources */,
			);
			runOnlyForDeploymentPostprocessing = 0;
		};
		018333D51A35727C00670CD1 /* Resources */ = {
			isa = PBXResourcesBuildPhase;
			buildActionMask = 2147483647;
			files = (
				01F8794E1A412F8E00A63654 /* urlblocker_targets.plist in Resources */,
				01F2AE461B827D3E00D5651A /* wildcard.pushover.net.crt in Resources */,
				01F8794B1A41232E00A63654 /* credits.html in Resources */,
				01F879451A41140D00A63654 /* https-everywhere_mock_targets.plist in Resources */,
				01F879481A41141800A63654 /* urlblocker_mock_rules.plist in Resources */,
				01F2AE481B82822600D5651A /* paypal.com.crt in Resources */,
				01F879491A41141800A63654 /* urlblocker_mock_targets.plist in Resources */,
				01F2AE451B827D3E00D5651A /* lobste.rs.crt in Resources */,
				01F879441A41140D00A63654 /* https-everywhere_mock_rules.plist in Resources */,
				01F2AE4A1B82835A00D5651A /* expired.superblock.net.crt in Resources */,
			);
			runOnlyForDeploymentPostprocessing = 0;
		};
/* End PBXResourcesBuildPhase section */

/* Begin PBXShellScriptBuildPhase section */
		10F4056FB52682AF9841FCE7 /* [CP] Embed Pods Frameworks */ = {
			isa = PBXShellScriptBuildPhase;
			buildActionMask = 2147483647;
			files = (
			);
			inputPaths = (
			);
			name = "[CP] Embed Pods Frameworks";
			outputPaths = (
			);
			runOnlyForDeploymentPostprocessing = 0;
			shellPath = /bin/sh;
			shellScript = "\"${SRCROOT}/Pods/Target Support Files/Pods-Psiphon Browser/Pods-Psiphon Browser-frameworks.sh\"\n";
			showEnvVarsInLog = 0;
		};
		1A927D79DA43D9D14E9FB250 /* [CP] Copy Pods Resources */ = {
			isa = PBXShellScriptBuildPhase;
			buildActionMask = 2147483647;
			files = (
			);
			inputPaths = (
			);
			name = "[CP] Copy Pods Resources";
			outputPaths = (
			);
			runOnlyForDeploymentPostprocessing = 0;
			shellPath = /bin/sh;
			shellScript = "\"${SRCROOT}/Pods/Target Support Files/Pods-Psiphon Browser Tests/Pods-Psiphon Browser Tests-resources.sh\"\n";
			showEnvVarsInLog = 0;
		};
		440FB7731E3A9ADC00B10B9E /* ShellScript */ = {
			isa = PBXShellScriptBuildPhase;
			buildActionMask = 2147483647;
			files = (
			);
			inputPaths = (
			);
			outputPaths = (
			);
			runOnlyForDeploymentPostprocessing = 0;
			shellPath = /bin/sh;
			shellScript = "bash \"${BUILT_PRODUCTS_DIR}/${FRAMEWORKS_FOLDER_PATH}/PsiphonTunnel.framework/strip-frameworks.sh\"\nbash \"./genstrings.sh\"";
		};
		AD6CC348A4A754780C9FF2A3 /* [CP] Check Pods Manifest.lock */ = {
			isa = PBXShellScriptBuildPhase;
			buildActionMask = 2147483647;
			files = (
			);
			inputPaths = (
			);
			name = "[CP] Check Pods Manifest.lock";
			outputPaths = (
			);
			runOnlyForDeploymentPostprocessing = 0;
			shellPath = /bin/sh;
			shellScript = "diff \"${PODS_PODFILE_DIR_PATH}/Podfile.lock\" \"${PODS_ROOT}/Manifest.lock\" > /dev/null\nif [ $? != 0 ] ; then\n    # print error to STDERR\n    echo \"error: The sandbox is not in sync with the Podfile.lock. Run 'pod install' or update your CocoaPods installation.\" >&2\n    exit 1\nfi\n";
			showEnvVarsInLog = 0;
		};
		B490F5F7A7DE676CD3B7340F /* [CP] Check Pods Manifest.lock */ = {
			isa = PBXShellScriptBuildPhase;
			buildActionMask = 2147483647;
			files = (
			);
			inputPaths = (
			);
			name = "[CP] Check Pods Manifest.lock";
			outputPaths = (
			);
			runOnlyForDeploymentPostprocessing = 0;
			shellPath = /bin/sh;
			shellScript = "diff \"${PODS_PODFILE_DIR_PATH}/Podfile.lock\" \"${PODS_ROOT}/Manifest.lock\" > /dev/null\nif [ $? != 0 ] ; then\n    # print error to STDERR\n    echo \"error: The sandbox is not in sync with the Podfile.lock. Run 'pod install' or update your CocoaPods installation.\" >&2\n    exit 1\nfi\n";
			showEnvVarsInLog = 0;
		};
		CFB22C1D14D47FC31E517EFA /* [CP] Embed Pods Frameworks */ = {
			isa = PBXShellScriptBuildPhase;
			buildActionMask = 2147483647;
			files = (
			);
			inputPaths = (
			);
			name = "[CP] Embed Pods Frameworks";
			outputPaths = (
			);
			runOnlyForDeploymentPostprocessing = 0;
			shellPath = /bin/sh;
			shellScript = "\"${SRCROOT}/Pods/Target Support Files/Pods-Psiphon Browser Tests/Pods-Psiphon Browser Tests-frameworks.sh\"\n";
			showEnvVarsInLog = 0;
		};
		F1123B8772DD1017FF7AD4C0 /* [CP] Copy Pods Resources */ = {
			isa = PBXShellScriptBuildPhase;
			buildActionMask = 2147483647;
			files = (
			);
			inputPaths = (
			);
			name = "[CP] Copy Pods Resources";
			outputPaths = (
			);
			runOnlyForDeploymentPostprocessing = 0;
			shellPath = /bin/sh;
			shellScript = "\"${SRCROOT}/Pods/Target Support Files/Pods-Psiphon Browser/Pods-Psiphon Browser-resources.sh\"\n";
			showEnvVarsInLog = 0;
		};
/* End PBXShellScriptBuildPhase section */

/* Begin PBXSourcesBuildPhase section */
		01801E8E1A32CA2A002B4718 /* Sources */ = {
			isa = PBXSourcesBuildPhase;
			buildActionMask = 2147483647;
			files = (
				01D7412F1A466AF0007B7033 /* NSString+JavascriptEscape.m in Sources */,
				44864F901E708EE900865705 /* JAHPCanonicalRequest.m in Sources */,
				4EFB34801E366C6F0067C7C3 /* FeedbackViewController.m in Sources */,
				4EE4FF9C1ECA2700001C3D15 /* OnboardingLanguageViewController.m in Sources */,
				01F2AE391B7FEF5E00D5651A /* SSLCertificate.m in Sources */,
				01AFEB491B4ED48000A02482 /* Bookmark.m in Sources */,
				4EFB347C1E366C370067C7C3 /* RegionAdapter.m in Sources */,
				4EFB34771E366C0A0067C7C3 /* UpstreamProxySettings.m in Sources */,
				44B944361EEB21D6003B6B9A /* ICDMaterialActivityIndicatorView.m in Sources */,
				01801E981A32CA2A002B4718 /* main.m in Sources */,
				01D741321A49EA14007B7033 /* RuleEditorController.m in Sources */,
				44864F8E1E708EE900865705 /* JAHPAuthenticatingHTTPProtocol.m in Sources */,
				018333D21A35291200670CD1 /* HTTPSEverywhereRule.m in Sources */,
				44864F8F1E708EE900865705 /* JAHPCacheStoragePolicy.m in Sources */,
				01801EA11A32CA2A002B4718 /* WebViewController.m in Sources */,
				4E9610121E36A32C00CDE62E /* FeedbackUpload.m in Sources */,
				44BF73F21EB11B8A0048E3C7 /* PsiphonHomePagesEquivalentURLs.m in Sources */,
				4EA463921E395BCD00674DEA /* PsiphonData.m in Sources */,
				444CEFB31E54DA2D0085F3D4 /* NYAlertView.m in Sources */,
				4E7094601E4CD14A00679B3F /* OnboardingInfoViewController.m in Sources */,
				4EFB34831E366E1D0067C7C3 /* FeedbackThumbsCell.m in Sources */,
				01F2AE401B82666900D5651A /* SSLCertificateViewController.m in Sources */,
				44864F911E708EE900865705 /* JAHPQNSURLSessionDemux.m in Sources */,
				018333CA1A3505FB00670CD1 /* HTTPSEverywhere.m in Sources */,
				01F7CB491A5253DD00F42B73 /* HSTSCache.m in Sources */,
				4E7094611E4CD14A00679B3F /* OnboardingViewController.m in Sources */,
				44E779431DE6031A00854379 /* PsiphonConnectionIndicator.m in Sources */,
				01F7CB4E1A52FC4E00F42B73 /* NSString+IPAddress.m in Sources */,
				0135F47F1A3E548F005A8F16 /* WebViewTab.m in Sources */,
				4EFB347D1E366C370067C7C3 /* RegionSelectionViewController.m in Sources */,
				01AFEB371B4DBA8D00A02482 /* BookmarkController.m in Sources */,
				4EFB34861E366E4D0067C7C3 /* LogViewController.m in Sources */,
				449316E21E8BFA4000D0708D /* PsiphonConnectionModalViewController.m in Sources */,
				44C7B2081E2040A700432BBB /* L10n+Swizzling.m in Sources */,
				44E779421DE6031A00854379 /* AppDelegate.m in Sources */,
				01EFA7FF1A63851400688398 /* LocalNetworkChecker.m in Sources */,
				4E628E9F1EF89D2C00F8B3B5 /* TutorialViewController.m in Sources */,
				4EB51ECE1E941FBD008676A7 /* AdjustableLabel.m in Sources */,
				4E628E991EF89D1A00F8B3B5 /* PsiphonSettingsTextFieldViewCell.m in Sources */,
				0182AD9B1AACC55400F3B7ED /* HTTPSEverywhereRuleController.m in Sources */,
				010EEA691A43C8CF001E8B65 /* CookieJar.m in Sources */,
				444CEFB41E54DA2D0085F3D4 /* NYAlertViewController.m in Sources */,
				4E1175191DD63123009527EB /* SettingsViewController.m in Sources */,
				4EE4E25F1ED4B51900167C0B /* LanguageSelectionViewController.m in Sources */,
				4E628E9E1EF89D2C00F8B3B5 /* TutorialPageViewController.m in Sources */,
			);
			runOnlyForDeploymentPostprocessing = 0;
		};
		018333D31A35727C00670CD1 /* Sources */ = {
			isa = PBXSourcesBuildPhase;
			buildActionMask = 2147483647;
			files = (
				01F7CB4B1A526B9C00F42B73 /* HSTSCache_Tests.m in Sources */,
				018333DC1A35727C00670CD1 /* HTTPSEverywhere_Tests.m in Sources */,
				01F2AE421B827BC200D5651A /* SSLCertificate_Tests.m in Sources */,
			);
			runOnlyForDeploymentPostprocessing = 0;
		};
/* End PBXSourcesBuildPhase section */

/* Begin PBXTargetDependency section */
		018333DE1A35727C00670CD1 /* PBXTargetDependency */ = {
			isa = PBXTargetDependency;
			target = 01801E911A32CA2A002B4718 /* Psiphon Browser */;
			targetProxy = 018333DD1A35727C00670CD1 /* PBXContainerItemProxy */;
		};
/* End PBXTargetDependency section */

/* Begin PBXVariantGroup section */
		446CB09F1DFF613900AEC0A9 /* Root.strings */ = {
			isa = PBXVariantGroup;
			children = (
				446CB0A01DFF613900AEC0A9 /* en */,
				446CB0A21DFF614600AEC0A9 /* ar */,
				6685BDDA1E314BF700F0E414 /* de */,
				6685BDDE1E314EAF00F0E414 /* fa */,
				6685BDE21E314EC500F0E414 /* fr */,
				6685BDE61E314EDC00F0E414 /* hr */,
				6685BDEA1E314EEC00F0E414 /* id */,
				6685BDEE1E314EF700F0E414 /* nl */,
				6685BDF61E314F1300F0E414 /* zh-Hant */,
				6685BDFA1E314FB100F0E414 /* es */,
				6685BDFE1E315E1B00F0E414 /* pt-PT */,
				66094F701E6DEFCF0069EC4E /* nb */,
				66C7E87A1F01907E002200C3 /* bo */,
				66C7E87E1F0190BE002200C3 /* km */,
				66A11B741F2688E100829523 /* vi */,
				669541BA1F290C290038E125 /* zh-Hans */,
				669541BE1F2910190038E125 /* tr */,
				669541C21F29106F0038E125 /* ru */,
			);
			name = Root.strings;
			sourceTree = "<group>";
		};
		44E7792C1DE4DCCA00854379 /* IASKLocalizable.strings */ = {
			isa = PBXVariantGroup;
			children = (
				44E7792B1DE4DCCA00854379 /* en */,
				44E779341DE4DD1F00854379 /* ar */,
				6685BDDB1E314BF700F0E414 /* de */,
				6685BDDF1E314EAF00F0E414 /* fa */,
				6685BDE31E314EC500F0E414 /* fr */,
				6685BDE71E314EDC00F0E414 /* hr */,
				6685BDEB1E314EEC00F0E414 /* id */,
				6685BDEF1E314EF700F0E414 /* nl */,
				6685BDF71E314F1300F0E414 /* zh-Hant */,
				6685BDFB1E314FB100F0E414 /* es */,
				6685BDFF1E315E1B00F0E414 /* pt-PT */,
				66094F711E6DEFCF0069EC4E /* nb */,
				66C7E87B1F01907E002200C3 /* bo */,
				66C7E87F1F0190BF002200C3 /* km */,
				66A11B751F2688E100829523 /* vi */,
				669541BB1F290C290038E125 /* zh-Hans */,
				669541BF1F2910190038E125 /* tr */,
				669541C31F29106F0038E125 /* ru */,
			);
			name = IASKLocalizable.strings;
			sourceTree = "<group>";
		};
		44E7792F1DE4DCCF00854379 /* Localizable.strings */ = {
			isa = PBXVariantGroup;
			children = (
				44E7792E1DE4DCCF00854379 /* en */,
				44E779351DE4DD1F00854379 /* ar */,
				6685BDDC1E314BF700F0E414 /* de */,
				6685BDE01E314EB000F0E414 /* fa */,
				6685BDE41E314EC500F0E414 /* fr */,
				6685BDE81E314EDC00F0E414 /* hr */,
				6685BDEC1E314EED00F0E414 /* id */,
				6685BDF01E314EF700F0E414 /* nl */,
				6685BDF81E314F1300F0E414 /* zh-Hant */,
				6685BDFC1E314FB100F0E414 /* es */,
				6685BE001E315E1B00F0E414 /* pt-PT */,
				66094F721E6DEFCF0069EC4E /* nb */,
				66C7E87C1F01907E002200C3 /* bo */,
				66C7E8801F0190BF002200C3 /* km */,
				66A11B761F2688E100829523 /* vi */,
				669541BC1F290C290038E125 /* zh-Hans */,
				669541C01F2910190038E125 /* tr */,
				669541C41F29106F0038E125 /* ru */,
			);
			name = Localizable.strings;
			sourceTree = "<group>";
		};
		4EEC58391E3FF48B006D4087 /* InfoPlist.strings */ = {
			isa = PBXVariantGroup;
			children = (
				4EEC58381E3FF48B006D4087 /* en */,
				4EEC583A1E3FF497006D4087 /* ar */,
				4EEC583B1E3FF49A006D4087 /* de */,
				4EEC583C1E3FF49B006D4087 /* fa */,
				4EEC583D1E3FF49F006D4087 /* fr */,
				4EEC583E1E3FF4A2006D4087 /* hr */,
				4EEC583F1E3FF4A3006D4087 /* id */,
				4EEC58401E3FF4A4006D4087 /* nl */,
				4EEC58411E3FF4A5006D4087 /* zh-Hant */,
				4EEC58421E3FF4A8006D4087 /* es */,
				4EEC58451E3FF9E2006D4087 /* pt-PT */,
				66094F741E6DEFCF0069EC4E /* nb */,
				66C7E87D1F01907E002200C3 /* bo */,
				66C7E8811F0190BF002200C3 /* km */,
				66A11B771F2688E100829523 /* vi */,
				669541BD1F290C290038E125 /* zh-Hans */,
				669541C11F2910190038E125 /* tr */,
				669541C51F29106F0038E125 /* ru */,
			);
			name = InfoPlist.strings;
			sourceTree = "<group>";
		};
/* End PBXVariantGroup section */

/* Begin XCBuildConfiguration section */
		01801EB61A32CA2A002B4718 /* Debug */ = {
			isa = XCBuildConfiguration;
			buildSettings = {
				ALWAYS_EMBED_SWIFT_STANDARD_LIBRARIES = NO;
				ALWAYS_SEARCH_USER_PATHS = NO;
				CLANG_ANALYZER_LOCALIZABILITY_NONLOCALIZED = YES;
				CLANG_CXX_LANGUAGE_STANDARD = "gnu++0x";
				CLANG_CXX_LIBRARY = "libc++";
				CLANG_ENABLE_MODULES = YES;
				CLANG_ENABLE_OBJC_ARC = YES;
				CLANG_WARN_BOOL_CONVERSION = YES;
				CLANG_WARN_CONSTANT_CONVERSION = YES;
				CLANG_WARN_DIRECT_OBJC_ISA_USAGE = YES_ERROR;
				CLANG_WARN_EMPTY_BODY = YES;
				CLANG_WARN_ENUM_CONVERSION = YES;
				CLANG_WARN_INFINITE_RECURSION = YES;
				CLANG_WARN_INT_CONVERSION = YES;
				CLANG_WARN_OBJC_ROOT_CLASS = YES_ERROR;
				CLANG_WARN_SUSPICIOUS_MOVE = YES;
				CLANG_WARN_UNREACHABLE_CODE = YES;
				CLANG_WARN__DUPLICATE_METHOD_MATCH = YES;
				"CODE_SIGN_IDENTITY[sdk=iphoneos*]" = "iPhone Developer";
				COPY_PHASE_STRIP = NO;
				ENABLE_STRICT_OBJC_MSGSEND = YES;
				ENABLE_TESTABILITY = YES;
				GCC_C_LANGUAGE_STANDARD = gnu99;
				GCC_DYNAMIC_NO_PIC = NO;
				GCC_NO_COMMON_BLOCKS = YES;
				GCC_OPTIMIZATION_LEVEL = 0;
				GCC_PREFIX_HEADER = "Endless/Endless-Prefix.pch";
				GCC_PREPROCESSOR_DEFINITIONS = (
					"DEBUG=1",
					"$(inherited)",
				);
				GCC_SYMBOLS_PRIVATE_EXTERN = NO;
				GCC_WARN_64_TO_32_BIT_CONVERSION = YES;
				GCC_WARN_ABOUT_RETURN_TYPE = YES_ERROR;
				GCC_WARN_UNDECLARED_SELECTOR = YES;
				GCC_WARN_UNINITIALIZED_AUTOS = YES_AGGRESSIVE;
				GCC_WARN_UNUSED_FUNCTION = YES;
				GCC_WARN_UNUSED_VARIABLE = YES;
				IPHONEOS_DEPLOYMENT_TARGET = 8.0;
				MTL_ENABLE_DEBUG_INFO = YES;
				ONLY_ACTIVE_ARCH = YES;
				SDKROOT = iphoneos;
			};
			name = Debug;
		};
		01801EB71A32CA2A002B4718 /* Release */ = {
			isa = XCBuildConfiguration;
			buildSettings = {
				ALWAYS_EMBED_SWIFT_STANDARD_LIBRARIES = NO;
				ALWAYS_SEARCH_USER_PATHS = NO;
				CLANG_ANALYZER_LOCALIZABILITY_NONLOCALIZED = YES;
				CLANG_CXX_LANGUAGE_STANDARD = "gnu++0x";
				CLANG_CXX_LIBRARY = "libc++";
				CLANG_ENABLE_MODULES = YES;
				CLANG_ENABLE_OBJC_ARC = YES;
				CLANG_WARN_BOOL_CONVERSION = YES;
				CLANG_WARN_CONSTANT_CONVERSION = YES;
				CLANG_WARN_DIRECT_OBJC_ISA_USAGE = YES_ERROR;
				CLANG_WARN_EMPTY_BODY = YES;
				CLANG_WARN_ENUM_CONVERSION = YES;
				CLANG_WARN_INFINITE_RECURSION = YES;
				CLANG_WARN_INT_CONVERSION = YES;
				CLANG_WARN_OBJC_ROOT_CLASS = YES_ERROR;
				CLANG_WARN_SUSPICIOUS_MOVE = YES;
				CLANG_WARN_UNREACHABLE_CODE = YES;
				CLANG_WARN__DUPLICATE_METHOD_MATCH = YES;
				"CODE_SIGN_IDENTITY[sdk=iphoneos*]" = "iPhone Developer";
				COPY_PHASE_STRIP = YES;
				ENABLE_NS_ASSERTIONS = NO;
				ENABLE_STRICT_OBJC_MSGSEND = YES;
				GCC_C_LANGUAGE_STANDARD = gnu99;
				GCC_NO_COMMON_BLOCKS = YES;
				GCC_PREFIX_HEADER = "Endless/Endless-Prefix.pch";
				GCC_WARN_64_TO_32_BIT_CONVERSION = YES;
				GCC_WARN_ABOUT_RETURN_TYPE = YES_ERROR;
				GCC_WARN_UNDECLARED_SELECTOR = YES;
				GCC_WARN_UNINITIALIZED_AUTOS = YES_AGGRESSIVE;
				GCC_WARN_UNUSED_FUNCTION = YES;
				GCC_WARN_UNUSED_VARIABLE = YES;
				IPHONEOS_DEPLOYMENT_TARGET = 8.0;
				MTL_ENABLE_DEBUG_INFO = NO;
				SDKROOT = iphoneos;
				SWIFT_OPTIMIZATION_LEVEL = "-Owholemodule";
				VALIDATE_PRODUCT = YES;
			};
			name = Release;
		};
		01801EB91A32CA2A002B4718 /* Debug */ = {
			isa = XCBuildConfiguration;
			baseConfigurationReference = 978B748BC7C103152186A682 /* Pods-Psiphon Browser.debug.xcconfig */;
			buildSettings = {
				ASSETCATALOG_COMPILER_APPICON_NAME = AppIcon;
				CLANG_ENABLE_MODULES = YES;
				CODE_SIGN_IDENTITY = "iPhone Developer";
				"CODE_SIGN_IDENTITY[sdk=iphoneos*]" = "iPhone Developer";
				DEVELOPMENT_TEAM = Q6HLNEX92A;
				ENABLE_BITCODE = NO;
				FRAMEWORK_SEARCH_PATHS = (
					"$(inherited)",
					"$(PROJECT_DIR)/Endless",
				);
				GCC_PRECOMPILE_PREFIX_HEADER = NO;
				INFOPLIST_FILE = Endless/Info.plist;
				IPHONEOS_DEPLOYMENT_TARGET = 8.0;
				LD_RUNPATH_SEARCH_PATHS = "$(inherited) @executable_path/Frameworks";
				PRODUCT_BUNDLE_IDENTIFIER = com.psiphon3.browser;
				PRODUCT_NAME = PsiphonBrowser;
				PROVISIONING_PROFILE = "";
				PROVISIONING_PROFILE_SPECIFIER = "";
				STRIP_BITCODE_FROM_COPIED_FILES = NO;
				SWIFT_OBJC_BRIDGING_HEADER = "Endless/Endless-Bridging-Header.h";
				SWIFT_OPTIMIZATION_LEVEL = "-Onone";
				SWIFT_VERSION = 3.0;
				TARGETED_DEVICE_FAMILY = "1,2";
			};
			name = Debug;
		};
		01801EBA1A32CA2A002B4718 /* Release */ = {
			isa = XCBuildConfiguration;
			baseConfigurationReference = 5AAC3264F09D2F9AB445D0B8 /* Pods-Psiphon Browser.release.xcconfig */;
			buildSettings = {
				ASSETCATALOG_COMPILER_APPICON_NAME = AppIcon;
				CLANG_ENABLE_MODULES = YES;
				CODE_SIGN_IDENTITY = "iPhone Developer";
				"CODE_SIGN_IDENTITY[sdk=iphoneos*]" = "iPhone Developer";
				COPY_PHASE_STRIP = NO;
				DEVELOPMENT_TEAM = Q6HLNEX92A;
				ENABLE_BITCODE = NO;
				FRAMEWORK_SEARCH_PATHS = (
					"$(inherited)",
					"$(PROJECT_DIR)/Endless",
				);
				GCC_PRECOMPILE_PREFIX_HEADER = NO;
				INFOPLIST_FILE = Endless/Info.plist;
				IPHONEOS_DEPLOYMENT_TARGET = 8.0;
				LD_RUNPATH_SEARCH_PATHS = "$(inherited) @executable_path/Frameworks";
				PRODUCT_BUNDLE_IDENTIFIER = com.psiphon3.browser;
				PRODUCT_NAME = PsiphonBrowser;
				PROVISIONING_PROFILE = "";
				PROVISIONING_PROFILE_SPECIFIER = "";
				STRIP_BITCODE_FROM_COPIED_FILES = NO;
				SWIFT_OBJC_BRIDGING_HEADER = "Endless/Endless-Bridging-Header.h";
				SWIFT_VERSION = 3.0;
				TARGETED_DEVICE_FAMILY = "1,2";
			};
			name = Release;
		};
		018333E01A35727C00670CD1 /* Debug */ = {
			isa = XCBuildConfiguration;
			baseConfigurationReference = 8559DBCF077714C189AF2423 /* Pods-Psiphon Browser Tests.debug.xcconfig */;
			buildSettings = {
				BUNDLE_LOADER = "$(TEST_HOST)";
				FRAMEWORK_SEARCH_PATHS = (
					"$(SDKROOT)/Developer/Library/Frameworks",
					"$(inherited)",
				);
				GCC_PREPROCESSOR_DEFINITIONS = (
					"DEBUG=1",
					"$(inherited)",
				);
				INFOPLIST_FILE = "Endless Tests/Info.plist";
				LD_RUNPATH_SEARCH_PATHS = "$(inherited) @executable_path/Frameworks @loader_path/Frameworks";
				LIBRARY_SEARCH_PATHS = (
					"$(inherited)",
					"$(PROJECT_DIR)/Pods/build/Debug-iphoneos",
				);
				OTHER_LDFLAGS = (
					"$(inherited)",
					"-framework",
					XCTest,
					"-ObjC",
				);
				PRODUCT_BUNDLE_IDENTIFIER = "com.psiphon3.$(PRODUCT_NAME:rfc1034identifier)";
				PRODUCT_NAME = "Psiphon Browser Tests";
				TEST_HOST = "$(BUILT_PRODUCTS_DIR)/Psiphon Browser.app/Psiphon Browser";
			};
			name = Debug;
		};
		018333E11A35727C00670CD1 /* Release */ = {
			isa = XCBuildConfiguration;
			baseConfigurationReference = 0046D8AA27B31019AEAC6C00 /* Pods-Psiphon Browser Tests.release.xcconfig */;
			buildSettings = {
				BUNDLE_LOADER = "$(TEST_HOST)";
				FRAMEWORK_SEARCH_PATHS = (
					"$(SDKROOT)/Developer/Library/Frameworks",
					"$(inherited)",
				);
				INFOPLIST_FILE = "Endless Tests/Info.plist";
				LD_RUNPATH_SEARCH_PATHS = "$(inherited) @executable_path/Frameworks @loader_path/Frameworks";
				LIBRARY_SEARCH_PATHS = (
					"$(inherited)",
					"$(PROJECT_DIR)/Pods/build/Debug-iphoneos",
				);
				OTHER_LDFLAGS = (
					"$(inherited)",
					"-framework",
					XCTest,
					"-ObjC",
				);
				PRODUCT_BUNDLE_IDENTIFIER = "com.psiphon3.$(PRODUCT_NAME:rfc1034identifier)";
				PRODUCT_NAME = "Psiphon Browser Tests";
				TEST_HOST = "$(BUILT_PRODUCTS_DIR)/Psiphon Browser.app/Psiphon Browser";
			};
			name = Release;
		};
/* End XCBuildConfiguration section */

/* Begin XCConfigurationList section */
		01801E8D1A32CA2A002B4718 /* Build configuration list for PBXProject "Psiphon Browser" */ = {
			isa = XCConfigurationList;
			buildConfigurations = (
				01801EB61A32CA2A002B4718 /* Debug */,
				01801EB71A32CA2A002B4718 /* Release */,
			);
			defaultConfigurationIsVisible = 0;
			defaultConfigurationName = Release;
		};
		01801EB81A32CA2A002B4718 /* Build configuration list for PBXNativeTarget "Psiphon Browser" */ = {
			isa = XCConfigurationList;
			buildConfigurations = (
				01801EB91A32CA2A002B4718 /* Debug */,
				01801EBA1A32CA2A002B4718 /* Release */,
			);
			defaultConfigurationIsVisible = 0;
			defaultConfigurationName = Release;
		};
		018333DF1A35727C00670CD1 /* Build configuration list for PBXNativeTarget "Psiphon Browser Tests" */ = {
			isa = XCConfigurationList;
			buildConfigurations = (
				018333E01A35727C00670CD1 /* Debug */,
				018333E11A35727C00670CD1 /* Release */,
			);
			defaultConfigurationIsVisible = 0;
			defaultConfigurationName = Release;
		};
/* End XCConfigurationList section */
	};
	rootObject = 01801E8A1A32CA2A002B4718 /* Project object */;
}
